// !$*UTF8*$!
{
	archiveVersion = 1;
	classes = {
	};
	objectVersion = 51;
	objects = {

/* Begin PBXBuildFile section */
		1802691A26AFCEEC0088B49F /* ChooseTruckCategoryViewController.swift in Sources */ = {isa = PBXBuildFile; fileRef = 1802691726AFCEEC0088B49F /* ChooseTruckCategoryViewController.swift */; };
		1802691B26AFCEEC0088B49F /* EnterTruckDetailsVC.swift in Sources */ = {isa = PBXBuildFile; fileRef = 1802691826AFCEEC0088B49F /* EnterTruckDetailsVC.swift */; };
		1802691C26AFCEEC0088B49F /* IdentifyYourselfVC.swift in Sources */ = {isa = PBXBuildFile; fileRef = 1802691926AFCEEC0088B49F /* IdentifyYourselfVC.swift */; };
		1802692D26AFD5D70088B49F /* Constants.swift in Sources */ = {isa = PBXBuildFile; fileRef = 1802692926AFD5D70088B49F /* Constants.swift */; };
		1802692E26AFD5D70088B49F /* Utilities.swift in Sources */ = {isa = PBXBuildFile; fileRef = 1802692A26AFD5D70088B49F /* Utilities.swift */; };
		1802692F26AFD5D70088B49F /* Singleton.swift in Sources */ = {isa = PBXBuildFile; fileRef = 1802692B26AFD5D70088B49F /* Singleton.swift */; };
		1802693026AFD5D70088B49F /* ImagePicker.swift in Sources */ = {isa = PBXBuildFile; fileRef = 1802692C26AFD5D70088B49F /* ImagePicker.swift */; };
		1802693226AFD5EE0088B49F /* ApiPaths.swift in Sources */ = {isa = PBXBuildFile; fileRef = 1802693126AFD5EE0088B49F /* ApiPaths.swift */; };
		1802693426AFD6740088B49F /* AppInfo.swift in Sources */ = {isa = PBXBuildFile; fileRef = 1802693326AFD6740088B49F /* AppInfo.swift */; };
		1802693626AFD7A70088B49F /* UIColor+Extension.swift in Sources */ = {isa = PBXBuildFile; fileRef = 1802693526AFD7A60088B49F /* UIColor+Extension.swift */; };
		1802693826B0180B0088B49F /* CountryCode.json in Resources */ = {isa = PBXBuildFile; fileRef = 1802693726B0180B0088B49F /* CountryCode.json */; };
		1802694426B023F20088B49F /* TruckDetailVC.swift in Sources */ = {isa = PBXBuildFile; fileRef = 1802694326B023F20088B49F /* TruckDetailVC.swift */; };
		180FCEE826B135C3008D28EE /* Localizable.strings in Resources */ = {isa = PBXBuildFile; fileRef = 180FCEEA26B135C3008D28EE /* Localizable.strings */; };
		18129AAB26BA565000983AFC /* TruckDetailsViewModel.swift in Sources */ = {isa = PBXBuildFile; fileRef = 18129AAA26BA565000983AFC /* TruckDetailsViewModel.swift */; };
		18129AAF26BA61B300983AFC /* IdentifyYourselfViewModel.swift in Sources */ = {isa = PBXBuildFile; fileRef = 18129AAE26BA61B300983AFC /* IdentifyYourselfViewModel.swift */; };
		18129ABA26BA9B1700983AFC /* TruckTypeDatum.swift in Sources */ = {isa = PBXBuildFile; fileRef = 18129AB826BA9B1700983AFC /* TruckTypeDatum.swift */; };
		18129ABB26BA9B1700983AFC /* TruckTypeListingResModel.swift in Sources */ = {isa = PBXBuildFile; fileRef = 18129AB926BA9B1700983AFC /* TruckTypeListingResModel.swift */; };
		18129ABF26BACC5F00983AFC /* UIDevice+Extension.swift in Sources */ = {isa = PBXBuildFile; fileRef = 18129ABE26BACC5F00983AFC /* UIDevice+Extension.swift */; };
		18129AC126BAD30000983AFC /* LoginViewModel.swift in Sources */ = {isa = PBXBuildFile; fileRef = 18129AC026BAD30000983AFC /* LoginViewModel.swift */; };
		18129AC326BAD33D00983AFC /* LoginReqModel.swift in Sources */ = {isa = PBXBuildFile; fileRef = 18129AC226BAD33D00983AFC /* LoginReqModel.swift */; };
		18129AC726BAD3AB00983AFC /* LoginDatum.swift in Sources */ = {isa = PBXBuildFile; fileRef = 18129AC526BAD3AB00983AFC /* LoginDatum.swift */; };
		18129AC826BAD3AB00983AFC /* LoginResModel.swift in Sources */ = {isa = PBXBuildFile; fileRef = 18129AC626BAD3AB00983AFC /* LoginResModel.swift */; };
		184DB31126B26B540059B334 /* Home.storyboard in Resources */ = {isa = PBXBuildFile; fileRef = 184DB31026B26B540059B334 /* Home.storyboard */; };
		184DB31326B271E70059B334 /* HomeViewController.swift in Sources */ = {isa = PBXBuildFile; fileRef = 184DB31226B271E70059B334 /* HomeViewController.swift */; };
		184DB31626B2C7E10059B334 /* Popup.storyboard in Resources */ = {isa = PBXBuildFile; fileRef = 184DB31526B2C7E10059B334 /* Popup.storyboard */; };
		184DB31826B2C9000059B334 /* EnterOTPViewController.swift in Sources */ = {isa = PBXBuildFile; fileRef = 184DB31726B2C9000059B334 /* EnterOTPViewController.swift */; };
		1854BFBC26B414A6005355DD /* SendOTPForForgotVC.swift in Sources */ = {isa = PBXBuildFile; fileRef = 1854BFBB26B414A6005355DD /* SendOTPForForgotVC.swift */; };
		1854BFBE26B418A8005355DD /* SetNewPasswordViewController.swift in Sources */ = {isa = PBXBuildFile; fileRef = 1854BFBD26B418A8005355DD /* SetNewPasswordViewController.swift */; };
		189FB63126B90F0600BBD5A0 /* MyAccountViewController.swift in Sources */ = {isa = PBXBuildFile; fileRef = 189FB63026B90F0600BBD5A0 /* MyAccountViewController.swift */; };
		189FB63426B911A400BBD5A0 /* UINavigationController+Extension.swift in Sources */ = {isa = PBXBuildFile; fileRef = 189FB63326B911A400BBD5A0 /* UINavigationController+Extension.swift */; };
		189FB63726B922FB00BBD5A0 /* UploadVideoAndImagesCell.swift in Sources */ = {isa = PBXBuildFile; fileRef = 189FB63526B922FA00BBD5A0 /* UploadVideoAndImagesCell.swift */; };
		189FB63826B922FB00BBD5A0 /* UploadVideoAndImagesCell.xib in Resources */ = {isa = PBXBuildFile; fileRef = 189FB63626B922FA00BBD5A0 /* UploadVideoAndImagesCell.xib */; };
		189FB63A26B9328300BBD5A0 /* GalaryVC.swift in Sources */ = {isa = PBXBuildFile; fileRef = 189FB63926B9328300BBD5A0 /* GalaryVC.swift */; };
		189FB63D26B932B100BBD5A0 /* collectionPhotos.swift in Sources */ = {isa = PBXBuildFile; fileRef = 189FB63B26B932B100BBD5A0 /* collectionPhotos.swift */; };
		189FB63E26B932B100BBD5A0 /* collectionPhotos.xib in Resources */ = {isa = PBXBuildFile; fileRef = 189FB63C26B932B100BBD5A0 /* collectionPhotos.xib */; };
		189FB64026B933A500BBD5A0 /* AttechmentService.swift in Sources */ = {isa = PBXBuildFile; fileRef = 189FB63F26B933A500BBD5A0 /* AttechmentService.swift */; };
		189FB65E26B96BF000BBD5A0 /* URLSessionRequestManager.swift in Sources */ = {isa = PBXBuildFile; fileRef = 189FB65526B96BEF00BBD5A0 /* URLSessionRequestManager.swift */; };
		189FB65F26B96BF000BBD5A0 /* WebServicesSubclass.swift in Sources */ = {isa = PBXBuildFile; fileRef = 189FB65626B96BEF00BBD5A0 /* WebServicesSubclass.swift */; };
		189FB66026B96BF000BBD5A0 /* UrlServiceConstant.swift in Sources */ = {isa = PBXBuildFile; fileRef = 189FB65826B96BEF00BBD5A0 /* UrlServiceConstant.swift */; };
		189FB66126B96BF000BBD5A0 /* RequestBodyParamService.swift in Sources */ = {isa = PBXBuildFile; fileRef = 189FB65926B96BEF00BBD5A0 /* RequestBodyParamService.swift */; };
		189FB66226B96BF000BBD5A0 /* apiPaths.swift in Sources */ = {isa = PBXBuildFile; fileRef = 189FB65A26B96BEF00BBD5A0 /* apiPaths.swift */; };
		189FB66326B96BF000BBD5A0 /* UploadMediaModel.swift in Sources */ = {isa = PBXBuildFile; fileRef = 189FB65B26B96BEF00BBD5A0 /* UploadMediaModel.swift */; };
		189FB66426B96BF000BBD5A0 /* CodableResponseServiceClass.swift in Sources */ = {isa = PBXBuildFile; fileRef = 189FB65C26B96BEF00BBD5A0 /* CodableResponseServiceClass.swift */; };
		189FB66526B96BF000BBD5A0 /* Webservices+Extension.swift in Sources */ = {isa = PBXBuildFile; fileRef = 189FB65D26B96BEF00BBD5A0 /* Webservices+Extension.swift */; };
		189FB66726B96E6A00BBD5A0 /* ConstantEnum.swift in Sources */ = {isa = PBXBuildFile; fileRef = 189FB66626B96E6A00BBD5A0 /* ConstantEnum.swift */; };
		189FB66926B96F8800BBD5A0 /* RegisterReqModel.swift in Sources */ = {isa = PBXBuildFile; fileRef = 189FB66826B96F8800BBD5A0 /* RegisterReqModel.swift */; };
		189FB67026B976F400BBD5A0 /* ImageUploadResModel.swift in Sources */ = {isa = PBXBuildFile; fileRef = 189FB66E26B976F400BBD5A0 /* ImageUploadResModel.swift */; };
		189FB67126B976F400BBD5A0 /* Datum.swift in Sources */ = {isa = PBXBuildFile; fileRef = 189FB66F26B976F400BBD5A0 /* Datum.swift */; };
		189FB67326B9777400BBD5A0 /* ImageUploadReqModel.swift in Sources */ = {isa = PBXBuildFile; fileRef = 189FB67226B9777400BBD5A0 /* ImageUploadReqModel.swift */; };
		18AC078A26B826C00048E0A3 /* MessageBarController.swift in Sources */ = {isa = PBXBuildFile; fileRef = 18AC078926B826C00048E0A3 /* MessageBarController.swift */; };
		18BA362D26B7B8F400F83069 /* CommonWebviewVC.swift in Sources */ = {isa = PBXBuildFile; fileRef = 18BA362C26B7B8F400F83069 /* CommonWebviewVC.swift */; };
		18BA363126B7CA5300F83069 /* RegisterAllInOneViewController.swift in Sources */ = {isa = PBXBuildFile; fileRef = 18BA363026B7CA5300F83069 /* RegisterAllInOneViewController.swift */; };
		75E4458503A10F4E5C9F3360 /* Pods_MyVagon.framework in Frameworks */ = {isa = PBXBuildFile; fileRef = 60D500884A5D50D54092EC18 /* Pods_MyVagon.framework */; };
		8455BE8126AE96FB00089B1F /* Auth.storyboard in Resources */ = {isa = PBXBuildFile; fileRef = 8455BE8026AE96FB00089B1F /* Auth.storyboard */; };
		84AF91B426AECAFE004BB88D /* SignupContainerVC.swift in Sources */ = {isa = PBXBuildFile; fileRef = 84AF91B326AECAFE004BB88D /* SignupContainerVC.swift */; };
		84AF91B626AEE94F004BB88D /* FreelancerDriverSignupVC3.swift in Sources */ = {isa = PBXBuildFile; fileRef = 84AF91B526AEE94F004BB88D /* FreelancerDriverSignupVC3.swift */; };
		84AF91B926AEEF10004BB88D /* SignInContainerVC.swift in Sources */ = {isa = PBXBuildFile; fileRef = 84AF91B826AEEF10004BB88D /* SignInContainerVC.swift */; };
		84AF91BD26AEF2FA004BB88D /* SignInDriverVC.swift in Sources */ = {isa = PBXBuildFile; fileRef = 84AF91BC26AEF2FA004BB88D /* SignInDriverVC.swift */; };
		8EB964AA078428719424A87A /* Pods_MyVagonTests.framework in Frameworks */ = {isa = PBXBuildFile; fileRef = 5AF004DB727012A21FB7A169 /* Pods_MyVagonTests.framework */; };
		A14974B926A1AB440072AF33 /* Poppins-ExtraBold.ttf in Resources */ = {isa = PBXBuildFile; fileRef = A14974A626A1AB430072AF33 /* Poppins-ExtraBold.ttf */; };
		A14974BA26A1AB440072AF33 /* Poppins-Medium.ttf in Resources */ = {isa = PBXBuildFile; fileRef = A14974A726A1AB430072AF33 /* Poppins-Medium.ttf */; };
		A14974BB26A1AB440072AF33 /* Poppins-ExtraBoldItalic.ttf in Resources */ = {isa = PBXBuildFile; fileRef = A14974A826A1AB430072AF33 /* Poppins-ExtraBoldItalic.ttf */; };
		A14974BC26A1AB440072AF33 /* Poppins-LightItalic.ttf in Resources */ = {isa = PBXBuildFile; fileRef = A14974A926A1AB430072AF33 /* Poppins-LightItalic.ttf */; };
		A14974BD26A1AB440072AF33 /* OFL.txt in Resources */ = {isa = PBXBuildFile; fileRef = A14974AA26A1AB430072AF33 /* OFL.txt */; };
		A14974BE26A1AB440072AF33 /* Poppins-ExtraLightItalic.ttf in Resources */ = {isa = PBXBuildFile; fileRef = A14974AB26A1AB430072AF33 /* Poppins-ExtraLightItalic.ttf */; };
		A14974BF26A1AB440072AF33 /* Poppins-SemiBoldItalic.ttf in Resources */ = {isa = PBXBuildFile; fileRef = A14974AC26A1AB430072AF33 /* Poppins-SemiBoldItalic.ttf */; };
		A14974C026A1AB440072AF33 /* Poppins-Italic.ttf in Resources */ = {isa = PBXBuildFile; fileRef = A14974AD26A1AB430072AF33 /* Poppins-Italic.ttf */; };
		A14974C126A1AB440072AF33 /* Poppins-MediumItalic.ttf in Resources */ = {isa = PBXBuildFile; fileRef = A14974AE26A1AB430072AF33 /* Poppins-MediumItalic.ttf */; };
		A14974C226A1AB440072AF33 /* Poppins-Bold.ttf in Resources */ = {isa = PBXBuildFile; fileRef = A14974AF26A1AB430072AF33 /* Poppins-Bold.ttf */; };
		A14974C326A1AB440072AF33 /* Poppins-ExtraLight.ttf in Resources */ = {isa = PBXBuildFile; fileRef = A14974B026A1AB430072AF33 /* Poppins-ExtraLight.ttf */; };
		A14974C426A1AB440072AF33 /* Poppins-ThinItalic.ttf in Resources */ = {isa = PBXBuildFile; fileRef = A14974B126A1AB430072AF33 /* Poppins-ThinItalic.ttf */; };
		A14974C526A1AB440072AF33 /* Poppins-Regular.ttf in Resources */ = {isa = PBXBuildFile; fileRef = A14974B226A1AB430072AF33 /* Poppins-Regular.ttf */; };
		A14974C626A1AB440072AF33 /* Poppins-BoldItalic.ttf in Resources */ = {isa = PBXBuildFile; fileRef = A14974B326A1AB430072AF33 /* Poppins-BoldItalic.ttf */; };
		A14974C726A1AB440072AF33 /* Poppins-BlackItalic.ttf in Resources */ = {isa = PBXBuildFile; fileRef = A14974B426A1AB430072AF33 /* Poppins-BlackItalic.ttf */; };
		A14974C826A1AB440072AF33 /* Poppins-Light.ttf in Resources */ = {isa = PBXBuildFile; fileRef = A14974B526A1AB440072AF33 /* Poppins-Light.ttf */; };
		A14974C926A1AB440072AF33 /* Poppins-Black.ttf in Resources */ = {isa = PBXBuildFile; fileRef = A14974B626A1AB440072AF33 /* Poppins-Black.ttf */; };
		A14974CA26A1AB440072AF33 /* Poppins-Thin.ttf in Resources */ = {isa = PBXBuildFile; fileRef = A14974B726A1AB440072AF33 /* Poppins-Thin.ttf */; };
		A14974CB26A1AB440072AF33 /* Poppins-SemiBold.ttf in Resources */ = {isa = PBXBuildFile; fileRef = A14974B826A1AB440072AF33 /* Poppins-SemiBold.ttf */; };
		A14974CC26A1AB800072AF33 /* OFL.txt in Sources */ = {isa = PBXBuildFile; fileRef = A14974AA26A1AB430072AF33 /* OFL.txt */; };
		A14974CD26A1AB800072AF33 /* Poppins-Black.ttf in Sources */ = {isa = PBXBuildFile; fileRef = A14974B626A1AB440072AF33 /* Poppins-Black.ttf */; };
		A14974CE26A1AB800072AF33 /* Poppins-BlackItalic.ttf in Sources */ = {isa = PBXBuildFile; fileRef = A14974B426A1AB430072AF33 /* Poppins-BlackItalic.ttf */; };
		A14974CF26A1AB800072AF33 /* Poppins-Bold.ttf in Sources */ = {isa = PBXBuildFile; fileRef = A14974AF26A1AB430072AF33 /* Poppins-Bold.ttf */; };
		A14974D026A1AB800072AF33 /* Poppins-BoldItalic.ttf in Sources */ = {isa = PBXBuildFile; fileRef = A14974B326A1AB430072AF33 /* Poppins-BoldItalic.ttf */; };
		A14974D126A1AB800072AF33 /* Poppins-ExtraBold.ttf in Sources */ = {isa = PBXBuildFile; fileRef = A14974A626A1AB430072AF33 /* Poppins-ExtraBold.ttf */; };
		A14974D226A1AB800072AF33 /* Poppins-ExtraBoldItalic.ttf in Sources */ = {isa = PBXBuildFile; fileRef = A14974A826A1AB430072AF33 /* Poppins-ExtraBoldItalic.ttf */; };
		A14974D326A1AB800072AF33 /* Poppins-ExtraLight.ttf in Sources */ = {isa = PBXBuildFile; fileRef = A14974B026A1AB430072AF33 /* Poppins-ExtraLight.ttf */; };
		A14974D426A1AB800072AF33 /* Poppins-ExtraLightItalic.ttf in Sources */ = {isa = PBXBuildFile; fileRef = A14974AB26A1AB430072AF33 /* Poppins-ExtraLightItalic.ttf */; };
		A14974D526A1AB800072AF33 /* Poppins-Italic.ttf in Sources */ = {isa = PBXBuildFile; fileRef = A14974AD26A1AB430072AF33 /* Poppins-Italic.ttf */; };
		A14974D626A1AB800072AF33 /* Poppins-Light.ttf in Sources */ = {isa = PBXBuildFile; fileRef = A14974B526A1AB440072AF33 /* Poppins-Light.ttf */; };
		A14974D726A1AB800072AF33 /* Poppins-LightItalic.ttf in Sources */ = {isa = PBXBuildFile; fileRef = A14974A926A1AB430072AF33 /* Poppins-LightItalic.ttf */; };
		A14974D826A1AB800072AF33 /* Poppins-Medium.ttf in Sources */ = {isa = PBXBuildFile; fileRef = A14974A726A1AB430072AF33 /* Poppins-Medium.ttf */; };
		A14974D926A1AB800072AF33 /* Poppins-MediumItalic.ttf in Sources */ = {isa = PBXBuildFile; fileRef = A14974AE26A1AB430072AF33 /* Poppins-MediumItalic.ttf */; };
		A14974DA26A1AB800072AF33 /* Poppins-Regular.ttf in Sources */ = {isa = PBXBuildFile; fileRef = A14974B226A1AB430072AF33 /* Poppins-Regular.ttf */; };
		A14974DB26A1AB800072AF33 /* Poppins-SemiBold.ttf in Sources */ = {isa = PBXBuildFile; fileRef = A14974B826A1AB440072AF33 /* Poppins-SemiBold.ttf */; };
		A14974DC26A1AB800072AF33 /* Poppins-SemiBoldItalic.ttf in Sources */ = {isa = PBXBuildFile; fileRef = A14974AC26A1AB430072AF33 /* Poppins-SemiBoldItalic.ttf */; };
		A14974DD26A1AB800072AF33 /* Poppins-Thin.ttf in Sources */ = {isa = PBXBuildFile; fileRef = A14974B726A1AB440072AF33 /* Poppins-Thin.ttf */; };
		A14974DE26A1AB800072AF33 /* Poppins-ThinItalic.ttf in Sources */ = {isa = PBXBuildFile; fileRef = A14974B126A1AB430072AF33 /* Poppins-ThinItalic.ttf */; };
		A1519C8C26A00304001738B9 /* AppDelegate.swift in Sources */ = {isa = PBXBuildFile; fileRef = A1519C8B26A00304001738B9 /* AppDelegate.swift */; };
		A1519C9026A00304001738B9 /* ViewController.swift in Sources */ = {isa = PBXBuildFile; fileRef = A1519C8F26A00304001738B9 /* ViewController.swift */; };
		A1519C9326A00304001738B9 /* Main.storyboard in Resources */ = {isa = PBXBuildFile; fileRef = A1519C9126A00304001738B9 /* Main.storyboard */; };
		A1519C9526A00305001738B9 /* Assets.xcassets in Resources */ = {isa = PBXBuildFile; fileRef = A1519C9426A00305001738B9 /* Assets.xcassets */; };
		A1519C9826A00305001738B9 /* LaunchScreen.storyboard in Resources */ = {isa = PBXBuildFile; fileRef = A1519C9626A00305001738B9 /* LaunchScreen.storyboard */; };
		A1519CA326A00306001738B9 /* MyVagonTests.swift in Sources */ = {isa = PBXBuildFile; fileRef = A1519CA226A00306001738B9 /* MyVagonTests.swift */; };
		A1519CAE26A00306001738B9 /* MyVagonUITests.swift in Sources */ = {isa = PBXBuildFile; fileRef = A1519CAD26A00306001738B9 /* MyVagonUITests.swift */; };
		A1519CC026A003AE001738B9 /* Themes.swift in Sources */ = {isa = PBXBuildFile; fileRef = A1519CBD26A003AE001738B9 /* Themes.swift */; };
		A1519CC126A003AE001738B9 /* AppTheme_FontColor.swift in Sources */ = {isa = PBXBuildFile; fileRef = A1519CBE26A003AE001738B9 /* AppTheme_FontColor.swift */; };
		A1519CC226A003AE001738B9 /* ThemeShadow.swift in Sources */ = {isa = PBXBuildFile; fileRef = A1519CBF26A003AE001738B9 /* ThemeShadow.swift */; };
		A1519CCB26A00407001738B9 /* userDefaults+Extension.swift in Sources */ = {isa = PBXBuildFile; fileRef = A1519CC326A00407001738B9 /* userDefaults+Extension.swift */; };
		A1519CCC26A00407001738B9 /* UITextField+Extensions.swift in Sources */ = {isa = PBXBuildFile; fileRef = A1519CC426A00407001738B9 /* UITextField+Extensions.swift */; };
		A1519CCD26A00407001738B9 /* UIViewController+Extension.swift in Sources */ = {isa = PBXBuildFile; fileRef = A1519CC526A00407001738B9 /* UIViewController+Extension.swift */; };
		A1519CCE26A00407001738B9 /* UIImage+Extension.swift in Sources */ = {isa = PBXBuildFile; fileRef = A1519CC626A00407001738B9 /* UIImage+Extension.swift */; };
		A1519CCF26A00407001738B9 /* String+Extension.swift in Sources */ = {isa = PBXBuildFile; fileRef = A1519CC726A00407001738B9 /* String+Extension.swift */; };
		A1519CD026A00407001738B9 /* Date+Extension.swift in Sources */ = {isa = PBXBuildFile; fileRef = A1519CC826A00407001738B9 /* Date+Extension.swift */; };
		A1519CD126A00407001738B9 /* Extension+CLLocation.swift in Sources */ = {isa = PBXBuildFile; fileRef = A1519CC926A00407001738B9 /* Extension+CLLocation.swift */; };
		A1519CD226A00407001738B9 /* UIImageView+Extension.swift in Sources */ = {isa = PBXBuildFile; fileRef = A1519CCA26A00407001738B9 /* UIImageView+Extension.swift */; };
		A1519CD726A00B19001738B9 /* BaseViewController.swift in Sources */ = {isa = PBXBuildFile; fileRef = A1519CD626A00B19001738B9 /* BaseViewController.swift */; };
		A1519CE026A01CDF001738B9 /* Fonts.swift in Sources */ = {isa = PBXBuildFile; fileRef = A1519CDB26A01CDF001738B9 /* Fonts.swift */; };
		A1519CE126A01CDF001738B9 /* Storyboards.swift in Sources */ = {isa = PBXBuildFile; fileRef = A1519CDC26A01CDF001738B9 /* Storyboards.swift */; };
		A1519CE226A01CDF001738B9 /* NavigationItems.swift in Sources */ = {isa = PBXBuildFile; fileRef = A1519CDD26A01CDF001738B9 /* NavigationItems.swift */; };
		A1519CE326A01CDF001738B9 /* Colors.swift in Sources */ = {isa = PBXBuildFile; fileRef = A1519CDE26A01CDF001738B9 /* Colors.swift */; };
		A1519CE526A02ACE001738B9 /* Validation.swift in Sources */ = {isa = PBXBuildFile; fileRef = A1519CE426A02ACE001738B9 /* Validation.swift */; };
		A1519CE726A02C99001738B9 /* UIButton+Extension.swift in Sources */ = {isa = PBXBuildFile; fileRef = A1519CE626A02C99001738B9 /* UIButton+Extension.swift */; };
		A1519CF226A037EF001738B9 /* SplashVC.swift in Sources */ = {isa = PBXBuildFile; fileRef = A1519CF126A037EF001738B9 /* SplashVC.swift */; };
		A1519CF426A04488001738B9 /* BoardingVC.swift in Sources */ = {isa = PBXBuildFile; fileRef = A1519CF326A04488001738B9 /* BoardingVC.swift */; };
		E3B316F4E0E5BF1B11E67927 /* Pods_MyVagon_MyVagonUITests.framework in Frameworks */ = {isa = PBXBuildFile; fileRef = 9AD1FBCFA74EFBE3ACAB3C78 /* Pods_MyVagon_MyVagonUITests.framework */; };
/* End PBXBuildFile section */

/* Begin PBXContainerItemProxy section */
		A1519C9F26A00306001738B9 /* PBXContainerItemProxy */ = {
			isa = PBXContainerItemProxy;
			containerPortal = A1519C8026A00304001738B9 /* Project object */;
			proxyType = 1;
			remoteGlobalIDString = A1519C8726A00304001738B9;
			remoteInfo = MyVagon;
		};
		A1519CAA26A00306001738B9 /* PBXContainerItemProxy */ = {
			isa = PBXContainerItemProxy;
			containerPortal = A1519C8026A00304001738B9 /* Project object */;
			proxyType = 1;
			remoteGlobalIDString = A1519C8726A00304001738B9;
			remoteInfo = MyVagon;
		};
/* End PBXContainerItemProxy section */

/* Begin PBXFileReference section */
		1802691726AFCEEC0088B49F /* ChooseTruckCategoryViewController.swift */ = {isa = PBXFileReference; fileEncoding = 4; lastKnownFileType = sourcecode.swift; path = ChooseTruckCategoryViewController.swift; sourceTree = "<group>"; };
		1802691826AFCEEC0088B49F /* EnterTruckDetailsVC.swift */ = {isa = PBXFileReference; fileEncoding = 4; lastKnownFileType = sourcecode.swift; path = EnterTruckDetailsVC.swift; sourceTree = "<group>"; };
		1802691926AFCEEC0088B49F /* IdentifyYourselfVC.swift */ = {isa = PBXFileReference; fileEncoding = 4; lastKnownFileType = sourcecode.swift; path = IdentifyYourselfVC.swift; sourceTree = "<group>"; };
		1802692926AFD5D70088B49F /* Constants.swift */ = {isa = PBXFileReference; fileEncoding = 4; lastKnownFileType = sourcecode.swift; path = Constants.swift; sourceTree = "<group>"; };
		1802692A26AFD5D70088B49F /* Utilities.swift */ = {isa = PBXFileReference; fileEncoding = 4; lastKnownFileType = sourcecode.swift; path = Utilities.swift; sourceTree = "<group>"; };
		1802692B26AFD5D70088B49F /* Singleton.swift */ = {isa = PBXFileReference; fileEncoding = 4; lastKnownFileType = sourcecode.swift; path = Singleton.swift; sourceTree = "<group>"; };
		1802692C26AFD5D70088B49F /* ImagePicker.swift */ = {isa = PBXFileReference; fileEncoding = 4; lastKnownFileType = sourcecode.swift; path = ImagePicker.swift; sourceTree = "<group>"; };
		1802693126AFD5EE0088B49F /* ApiPaths.swift */ = {isa = PBXFileReference; fileEncoding = 4; lastKnownFileType = sourcecode.swift; path = ApiPaths.swift; sourceTree = "<group>"; };
		1802693326AFD6740088B49F /* AppInfo.swift */ = {isa = PBXFileReference; fileEncoding = 4; lastKnownFileType = sourcecode.swift; path = AppInfo.swift; sourceTree = "<group>"; };
		1802693526AFD7A60088B49F /* UIColor+Extension.swift */ = {isa = PBXFileReference; fileEncoding = 4; lastKnownFileType = sourcecode.swift; path = "UIColor+Extension.swift"; sourceTree = "<group>"; };
		1802693726B0180B0088B49F /* CountryCode.json */ = {isa = PBXFileReference; fileEncoding = 4; lastKnownFileType = text.json; path = CountryCode.json; sourceTree = "<group>"; };
		1802694326B023F20088B49F /* TruckDetailVC.swift */ = {isa = PBXFileReference; fileEncoding = 4; lastKnownFileType = sourcecode.swift; path = TruckDetailVC.swift; sourceTree = "<group>"; };
		180FCEE326B13523008D28EE /* el */ = {isa = PBXFileReference; lastKnownFileType = text.plist.strings; name = el; path = el.lproj/Main.strings; sourceTree = "<group>"; };
		180FCEE426B13523008D28EE /* el */ = {isa = PBXFileReference; lastKnownFileType = text.plist.strings; name = el; path = el.lproj/LaunchScreen.strings; sourceTree = "<group>"; };
		180FCEE926B135C3008D28EE /* en */ = {isa = PBXFileReference; lastKnownFileType = text.plist.strings; name = en; path = en.lproj/Localizable.strings; sourceTree = "<group>"; };
		180FCEF026B13626008D28EE /* el */ = {isa = PBXFileReference; lastKnownFileType = text.plist.strings; name = el; path = el.lproj/Localizable.strings; sourceTree = "<group>"; };
		18129AAA26BA565000983AFC /* TruckDetailsViewModel.swift */ = {isa = PBXFileReference; lastKnownFileType = sourcecode.swift; path = TruckDetailsViewModel.swift; sourceTree = "<group>"; };
		18129AAE26BA61B300983AFC /* IdentifyYourselfViewModel.swift */ = {isa = PBXFileReference; lastKnownFileType = sourcecode.swift; path = IdentifyYourselfViewModel.swift; sourceTree = "<group>"; };
		18129AB826BA9B1700983AFC /* TruckTypeDatum.swift */ = {isa = PBXFileReference; fileEncoding = 4; lastKnownFileType = sourcecode.swift; path = TruckTypeDatum.swift; sourceTree = "<group>"; };
		18129AB926BA9B1700983AFC /* TruckTypeListingResModel.swift */ = {isa = PBXFileReference; fileEncoding = 4; lastKnownFileType = sourcecode.swift; path = TruckTypeListingResModel.swift; sourceTree = "<group>"; };
		18129ABE26BACC5F00983AFC /* UIDevice+Extension.swift */ = {isa = PBXFileReference; lastKnownFileType = sourcecode.swift; path = "UIDevice+Extension.swift"; sourceTree = "<group>"; };
		18129AC026BAD30000983AFC /* LoginViewModel.swift */ = {isa = PBXFileReference; lastKnownFileType = sourcecode.swift; path = LoginViewModel.swift; sourceTree = "<group>"; };
		18129AC226BAD33D00983AFC /* LoginReqModel.swift */ = {isa = PBXFileReference; lastKnownFileType = sourcecode.swift; path = LoginReqModel.swift; sourceTree = "<group>"; };
		18129AC526BAD3AB00983AFC /* LoginDatum.swift */ = {isa = PBXFileReference; fileEncoding = 4; lastKnownFileType = sourcecode.swift; path = LoginDatum.swift; sourceTree = "<group>"; };
		18129AC626BAD3AB00983AFC /* LoginResModel.swift */ = {isa = PBXFileReference; fileEncoding = 4; lastKnownFileType = sourcecode.swift; path = LoginResModel.swift; sourceTree = "<group>"; };
		184DB31026B26B540059B334 /* Home.storyboard */ = {isa = PBXFileReference; lastKnownFileType = file.storyboard; path = Home.storyboard; sourceTree = "<group>"; };
		184DB31226B271E70059B334 /* HomeViewController.swift */ = {isa = PBXFileReference; lastKnownFileType = sourcecode.swift; path = HomeViewController.swift; sourceTree = "<group>"; };
		184DB31526B2C7E10059B334 /* Popup.storyboard */ = {isa = PBXFileReference; lastKnownFileType = file.storyboard; path = Popup.storyboard; sourceTree = "<group>"; };
		184DB31726B2C9000059B334 /* EnterOTPViewController.swift */ = {isa = PBXFileReference; lastKnownFileType = sourcecode.swift; path = EnterOTPViewController.swift; sourceTree = "<group>"; };
		1854BFBB26B414A6005355DD /* SendOTPForForgotVC.swift */ = {isa = PBXFileReference; lastKnownFileType = sourcecode.swift; path = SendOTPForForgotVC.swift; sourceTree = "<group>"; };
		1854BFBD26B418A8005355DD /* SetNewPasswordViewController.swift */ = {isa = PBXFileReference; lastKnownFileType = sourcecode.swift; path = SetNewPasswordViewController.swift; sourceTree = "<group>"; };
		189FB63026B90F0600BBD5A0 /* MyAccountViewController.swift */ = {isa = PBXFileReference; lastKnownFileType = sourcecode.swift; path = MyAccountViewController.swift; sourceTree = "<group>"; };
		189FB63326B911A400BBD5A0 /* UINavigationController+Extension.swift */ = {isa = PBXFileReference; lastKnownFileType = sourcecode.swift; path = "UINavigationController+Extension.swift"; sourceTree = "<group>"; };
		189FB63526B922FA00BBD5A0 /* UploadVideoAndImagesCell.swift */ = {isa = PBXFileReference; fileEncoding = 4; lastKnownFileType = sourcecode.swift; path = UploadVideoAndImagesCell.swift; sourceTree = "<group>"; };
		189FB63626B922FA00BBD5A0 /* UploadVideoAndImagesCell.xib */ = {isa = PBXFileReference; fileEncoding = 4; lastKnownFileType = file.xib; path = UploadVideoAndImagesCell.xib; sourceTree = "<group>"; };
		189FB63926B9328300BBD5A0 /* GalaryVC.swift */ = {isa = PBXFileReference; fileEncoding = 4; lastKnownFileType = sourcecode.swift; path = GalaryVC.swift; sourceTree = "<group>"; };
		189FB63B26B932B100BBD5A0 /* collectionPhotos.swift */ = {isa = PBXFileReference; fileEncoding = 4; lastKnownFileType = sourcecode.swift; path = collectionPhotos.swift; sourceTree = "<group>"; };
		189FB63C26B932B100BBD5A0 /* collectionPhotos.xib */ = {isa = PBXFileReference; fileEncoding = 4; lastKnownFileType = file.xib; path = collectionPhotos.xib; sourceTree = "<group>"; };
		189FB63F26B933A500BBD5A0 /* AttechmentService.swift */ = {isa = PBXFileReference; fileEncoding = 4; lastKnownFileType = sourcecode.swift; path = AttechmentService.swift; sourceTree = "<group>"; };
		189FB65526B96BEF00BBD5A0 /* URLSessionRequestManager.swift */ = {isa = PBXFileReference; fileEncoding = 4; lastKnownFileType = sourcecode.swift; path = URLSessionRequestManager.swift; sourceTree = "<group>"; };
		189FB65626B96BEF00BBD5A0 /* WebServicesSubclass.swift */ = {isa = PBXFileReference; fileEncoding = 4; lastKnownFileType = sourcecode.swift; path = WebServicesSubclass.swift; sourceTree = "<group>"; };
		189FB65826B96BEF00BBD5A0 /* UrlServiceConstant.swift */ = {isa = PBXFileReference; fileEncoding = 4; lastKnownFileType = sourcecode.swift; path = UrlServiceConstant.swift; sourceTree = "<group>"; };
		189FB65926B96BEF00BBD5A0 /* RequestBodyParamService.swift */ = {isa = PBXFileReference; fileEncoding = 4; lastKnownFileType = sourcecode.swift; path = RequestBodyParamService.swift; sourceTree = "<group>"; };
		189FB65A26B96BEF00BBD5A0 /* apiPaths.swift */ = {isa = PBXFileReference; fileEncoding = 4; lastKnownFileType = sourcecode.swift; path = apiPaths.swift; sourceTree = "<group>"; };
		189FB65B26B96BEF00BBD5A0 /* UploadMediaModel.swift */ = {isa = PBXFileReference; fileEncoding = 4; lastKnownFileType = sourcecode.swift; path = UploadMediaModel.swift; sourceTree = "<group>"; };
		189FB65C26B96BEF00BBD5A0 /* CodableResponseServiceClass.swift */ = {isa = PBXFileReference; fileEncoding = 4; lastKnownFileType = sourcecode.swift; path = CodableResponseServiceClass.swift; sourceTree = "<group>"; };
		189FB65D26B96BEF00BBD5A0 /* Webservices+Extension.swift */ = {isa = PBXFileReference; fileEncoding = 4; lastKnownFileType = sourcecode.swift; path = "Webservices+Extension.swift"; sourceTree = "<group>"; };
		189FB66626B96E6A00BBD5A0 /* ConstantEnum.swift */ = {isa = PBXFileReference; lastKnownFileType = sourcecode.swift; path = ConstantEnum.swift; sourceTree = "<group>"; };
		189FB66826B96F8800BBD5A0 /* RegisterReqModel.swift */ = {isa = PBXFileReference; lastKnownFileType = sourcecode.swift; path = RegisterReqModel.swift; sourceTree = "<group>"; };
		189FB66E26B976F400BBD5A0 /* ImageUploadResModel.swift */ = {isa = PBXFileReference; fileEncoding = 4; lastKnownFileType = sourcecode.swift; path = ImageUploadResModel.swift; sourceTree = "<group>"; };
		189FB66F26B976F400BBD5A0 /* Datum.swift */ = {isa = PBXFileReference; fileEncoding = 4; lastKnownFileType = sourcecode.swift; path = Datum.swift; sourceTree = "<group>"; };
		189FB67226B9777400BBD5A0 /* ImageUploadReqModel.swift */ = {isa = PBXFileReference; lastKnownFileType = sourcecode.swift; path = ImageUploadReqModel.swift; sourceTree = "<group>"; };
		18AC078926B826C00048E0A3 /* MessageBarController.swift */ = {isa = PBXFileReference; fileEncoding = 4; lastKnownFileType = sourcecode.swift; path = MessageBarController.swift; sourceTree = "<group>"; };
		18BA362C26B7B8F400F83069 /* CommonWebviewVC.swift */ = {isa = PBXFileReference; lastKnownFileType = sourcecode.swift; path = CommonWebviewVC.swift; sourceTree = "<group>"; };
		18BA363026B7CA5300F83069 /* RegisterAllInOneViewController.swift */ = {isa = PBXFileReference; lastKnownFileType = sourcecode.swift; path = RegisterAllInOneViewController.swift; sourceTree = "<group>"; };
		34AAF423D0FB49E1CE8AA5B9 /* Pods-MyVagon-MyVagonUITests.release.xcconfig */ = {isa = PBXFileReference; includeInIndex = 1; lastKnownFileType = text.xcconfig; name = "Pods-MyVagon-MyVagonUITests.release.xcconfig"; path = "Target Support Files/Pods-MyVagon-MyVagonUITests/Pods-MyVagon-MyVagonUITests.release.xcconfig"; sourceTree = "<group>"; };
		5AF004DB727012A21FB7A169 /* Pods_MyVagonTests.framework */ = {isa = PBXFileReference; explicitFileType = wrapper.framework; includeInIndex = 0; path = Pods_MyVagonTests.framework; sourceTree = BUILT_PRODUCTS_DIR; };
		60D500884A5D50D54092EC18 /* Pods_MyVagon.framework */ = {isa = PBXFileReference; explicitFileType = wrapper.framework; includeInIndex = 0; path = Pods_MyVagon.framework; sourceTree = BUILT_PRODUCTS_DIR; };
		696FEDA8B5240A2540F74C54 /* Pods-MyVagon.release.xcconfig */ = {isa = PBXFileReference; includeInIndex = 1; lastKnownFileType = text.xcconfig; name = "Pods-MyVagon.release.xcconfig"; path = "Target Support Files/Pods-MyVagon/Pods-MyVagon.release.xcconfig"; sourceTree = "<group>"; };
		8455BE8026AE96FB00089B1F /* Auth.storyboard */ = {isa = PBXFileReference; lastKnownFileType = file.storyboard; path = Auth.storyboard; sourceTree = "<group>"; };
		84AF91B326AECAFE004BB88D /* SignupContainerVC.swift */ = {isa = PBXFileReference; lastKnownFileType = sourcecode.swift; path = SignupContainerVC.swift; sourceTree = "<group>"; };
		84AF91B526AEE94F004BB88D /* FreelancerDriverSignupVC3.swift */ = {isa = PBXFileReference; lastKnownFileType = sourcecode.swift; path = FreelancerDriverSignupVC3.swift; sourceTree = "<group>"; };
		84AF91B826AEEF10004BB88D /* SignInContainerVC.swift */ = {isa = PBXFileReference; lastKnownFileType = sourcecode.swift; path = SignInContainerVC.swift; sourceTree = "<group>"; };
		84AF91BC26AEF2FA004BB88D /* SignInDriverVC.swift */ = {isa = PBXFileReference; lastKnownFileType = sourcecode.swift; path = SignInDriverVC.swift; sourceTree = "<group>"; };
		887BA18B49DFAA6FF2B0EE6A /* Pods-MyVagonTests.debug.xcconfig */ = {isa = PBXFileReference; includeInIndex = 1; lastKnownFileType = text.xcconfig; name = "Pods-MyVagonTests.debug.xcconfig"; path = "Target Support Files/Pods-MyVagonTests/Pods-MyVagonTests.debug.xcconfig"; sourceTree = "<group>"; };
		8DDD11883D6B224086DF9213 /* Pods-MyVagon.debug.xcconfig */ = {isa = PBXFileReference; includeInIndex = 1; lastKnownFileType = text.xcconfig; name = "Pods-MyVagon.debug.xcconfig"; path = "Target Support Files/Pods-MyVagon/Pods-MyVagon.debug.xcconfig"; sourceTree = "<group>"; };
		9AD1FBCFA74EFBE3ACAB3C78 /* Pods_MyVagon_MyVagonUITests.framework */ = {isa = PBXFileReference; explicitFileType = wrapper.framework; includeInIndex = 0; path = Pods_MyVagon_MyVagonUITests.framework; sourceTree = BUILT_PRODUCTS_DIR; };
		A14974A626A1AB430072AF33 /* Poppins-ExtraBold.ttf */ = {isa = PBXFileReference; lastKnownFileType = file; path = "Poppins-ExtraBold.ttf"; sourceTree = "<group>"; };
		A14974A726A1AB430072AF33 /* Poppins-Medium.ttf */ = {isa = PBXFileReference; lastKnownFileType = file; path = "Poppins-Medium.ttf"; sourceTree = "<group>"; };
		A14974A826A1AB430072AF33 /* Poppins-ExtraBoldItalic.ttf */ = {isa = PBXFileReference; lastKnownFileType = file; path = "Poppins-ExtraBoldItalic.ttf"; sourceTree = "<group>"; };
		A14974A926A1AB430072AF33 /* Poppins-LightItalic.ttf */ = {isa = PBXFileReference; lastKnownFileType = file; path = "Poppins-LightItalic.ttf"; sourceTree = "<group>"; };
		A14974AA26A1AB430072AF33 /* OFL.txt */ = {isa = PBXFileReference; fileEncoding = 4; lastKnownFileType = text; path = OFL.txt; sourceTree = "<group>"; };
		A14974AB26A1AB430072AF33 /* Poppins-ExtraLightItalic.ttf */ = {isa = PBXFileReference; lastKnownFileType = file; path = "Poppins-ExtraLightItalic.ttf"; sourceTree = "<group>"; };
		A14974AC26A1AB430072AF33 /* Poppins-SemiBoldItalic.ttf */ = {isa = PBXFileReference; lastKnownFileType = file; path = "Poppins-SemiBoldItalic.ttf"; sourceTree = "<group>"; };
		A14974AD26A1AB430072AF33 /* Poppins-Italic.ttf */ = {isa = PBXFileReference; lastKnownFileType = file; path = "Poppins-Italic.ttf"; sourceTree = "<group>"; };
		A14974AE26A1AB430072AF33 /* Poppins-MediumItalic.ttf */ = {isa = PBXFileReference; lastKnownFileType = file; path = "Poppins-MediumItalic.ttf"; sourceTree = "<group>"; };
		A14974AF26A1AB430072AF33 /* Poppins-Bold.ttf */ = {isa = PBXFileReference; lastKnownFileType = file; path = "Poppins-Bold.ttf"; sourceTree = "<group>"; };
		A14974B026A1AB430072AF33 /* Poppins-ExtraLight.ttf */ = {isa = PBXFileReference; lastKnownFileType = file; path = "Poppins-ExtraLight.ttf"; sourceTree = "<group>"; };
		A14974B126A1AB430072AF33 /* Poppins-ThinItalic.ttf */ = {isa = PBXFileReference; lastKnownFileType = file; path = "Poppins-ThinItalic.ttf"; sourceTree = "<group>"; };
		A14974B226A1AB430072AF33 /* Poppins-Regular.ttf */ = {isa = PBXFileReference; lastKnownFileType = file; path = "Poppins-Regular.ttf"; sourceTree = "<group>"; };
		A14974B326A1AB430072AF33 /* Poppins-BoldItalic.ttf */ = {isa = PBXFileReference; lastKnownFileType = file; path = "Poppins-BoldItalic.ttf"; sourceTree = "<group>"; };
		A14974B426A1AB430072AF33 /* Poppins-BlackItalic.ttf */ = {isa = PBXFileReference; lastKnownFileType = file; path = "Poppins-BlackItalic.ttf"; sourceTree = "<group>"; };
		A14974B526A1AB440072AF33 /* Poppins-Light.ttf */ = {isa = PBXFileReference; lastKnownFileType = file; path = "Poppins-Light.ttf"; sourceTree = "<group>"; };
		A14974B626A1AB440072AF33 /* Poppins-Black.ttf */ = {isa = PBXFileReference; lastKnownFileType = file; path = "Poppins-Black.ttf"; sourceTree = "<group>"; };
		A14974B726A1AB440072AF33 /* Poppins-Thin.ttf */ = {isa = PBXFileReference; lastKnownFileType = file; path = "Poppins-Thin.ttf"; sourceTree = "<group>"; };
		A14974B826A1AB440072AF33 /* Poppins-SemiBold.ttf */ = {isa = PBXFileReference; lastKnownFileType = file; path = "Poppins-SemiBold.ttf"; sourceTree = "<group>"; };
		A1519C8826A00304001738B9 /* MyVagon.app */ = {isa = PBXFileReference; explicitFileType = wrapper.application; includeInIndex = 0; path = MyVagon.app; sourceTree = BUILT_PRODUCTS_DIR; };
		A1519C8B26A00304001738B9 /* AppDelegate.swift */ = {isa = PBXFileReference; lastKnownFileType = sourcecode.swift; path = AppDelegate.swift; sourceTree = "<group>"; };
		A1519C8F26A00304001738B9 /* ViewController.swift */ = {isa = PBXFileReference; lastKnownFileType = sourcecode.swift; path = ViewController.swift; sourceTree = "<group>"; };
		A1519C9226A00304001738B9 /* Base */ = {isa = PBXFileReference; lastKnownFileType = file.storyboard; name = Base; path = Base.lproj/Main.storyboard; sourceTree = "<group>"; };
		A1519C9426A00305001738B9 /* Assets.xcassets */ = {isa = PBXFileReference; lastKnownFileType = folder.assetcatalog; path = Assets.xcassets; sourceTree = "<group>"; };
		A1519C9726A00305001738B9 /* Base */ = {isa = PBXFileReference; lastKnownFileType = file.storyboard; name = Base; path = Base.lproj/LaunchScreen.storyboard; sourceTree = "<group>"; };
		A1519C9926A00305001738B9 /* Info.plist */ = {isa = PBXFileReference; lastKnownFileType = text.plist.xml; path = Info.plist; sourceTree = "<group>"; };
		A1519C9E26A00306001738B9 /* MyVagonTests.xctest */ = {isa = PBXFileReference; explicitFileType = wrapper.cfbundle; includeInIndex = 0; path = MyVagonTests.xctest; sourceTree = BUILT_PRODUCTS_DIR; };
		A1519CA226A00306001738B9 /* MyVagonTests.swift */ = {isa = PBXFileReference; lastKnownFileType = sourcecode.swift; path = MyVagonTests.swift; sourceTree = "<group>"; };
		A1519CA426A00306001738B9 /* Info.plist */ = {isa = PBXFileReference; lastKnownFileType = text.plist.xml; path = Info.plist; sourceTree = "<group>"; };
		A1519CA926A00306001738B9 /* MyVagonUITests.xctest */ = {isa = PBXFileReference; explicitFileType = wrapper.cfbundle; includeInIndex = 0; path = MyVagonUITests.xctest; sourceTree = BUILT_PRODUCTS_DIR; };
		A1519CAD26A00306001738B9 /* MyVagonUITests.swift */ = {isa = PBXFileReference; lastKnownFileType = sourcecode.swift; path = MyVagonUITests.swift; sourceTree = "<group>"; };
		A1519CAF26A00306001738B9 /* Info.plist */ = {isa = PBXFileReference; lastKnownFileType = text.plist.xml; path = Info.plist; sourceTree = "<group>"; };
		A1519CBD26A003AE001738B9 /* Themes.swift */ = {isa = PBXFileReference; fileEncoding = 4; lastKnownFileType = sourcecode.swift; path = Themes.swift; sourceTree = "<group>"; };
		A1519CBE26A003AE001738B9 /* AppTheme_FontColor.swift */ = {isa = PBXFileReference; fileEncoding = 4; lastKnownFileType = sourcecode.swift; path = AppTheme_FontColor.swift; sourceTree = "<group>"; };
		A1519CBF26A003AE001738B9 /* ThemeShadow.swift */ = {isa = PBXFileReference; fileEncoding = 4; lastKnownFileType = sourcecode.swift; path = ThemeShadow.swift; sourceTree = "<group>"; };
		A1519CC326A00407001738B9 /* userDefaults+Extension.swift */ = {isa = PBXFileReference; fileEncoding = 4; lastKnownFileType = sourcecode.swift; path = "userDefaults+Extension.swift"; sourceTree = "<group>"; };
		A1519CC426A00407001738B9 /* UITextField+Extensions.swift */ = {isa = PBXFileReference; fileEncoding = 4; lastKnownFileType = sourcecode.swift; path = "UITextField+Extensions.swift"; sourceTree = "<group>"; };
		A1519CC526A00407001738B9 /* UIViewController+Extension.swift */ = {isa = PBXFileReference; fileEncoding = 4; lastKnownFileType = sourcecode.swift; path = "UIViewController+Extension.swift"; sourceTree = "<group>"; };
		A1519CC626A00407001738B9 /* UIImage+Extension.swift */ = {isa = PBXFileReference; fileEncoding = 4; lastKnownFileType = sourcecode.swift; path = "UIImage+Extension.swift"; sourceTree = "<group>"; };
		A1519CC726A00407001738B9 /* String+Extension.swift */ = {isa = PBXFileReference; fileEncoding = 4; lastKnownFileType = sourcecode.swift; path = "String+Extension.swift"; sourceTree = "<group>"; };
		A1519CC826A00407001738B9 /* Date+Extension.swift */ = {isa = PBXFileReference; fileEncoding = 4; lastKnownFileType = sourcecode.swift; path = "Date+Extension.swift"; sourceTree = "<group>"; };
		A1519CC926A00407001738B9 /* Extension+CLLocation.swift */ = {isa = PBXFileReference; fileEncoding = 4; lastKnownFileType = sourcecode.swift; path = "Extension+CLLocation.swift"; sourceTree = "<group>"; };
		A1519CCA26A00407001738B9 /* UIImageView+Extension.swift */ = {isa = PBXFileReference; fileEncoding = 4; lastKnownFileType = sourcecode.swift; path = "UIImageView+Extension.swift"; sourceTree = "<group>"; };
		A1519CD626A00B19001738B9 /* BaseViewController.swift */ = {isa = PBXFileReference; fileEncoding = 4; lastKnownFileType = sourcecode.swift; path = BaseViewController.swift; sourceTree = "<group>"; };
		A1519CDB26A01CDF001738B9 /* Fonts.swift */ = {isa = PBXFileReference; fileEncoding = 4; lastKnownFileType = sourcecode.swift; path = Fonts.swift; sourceTree = "<group>"; };
		A1519CDC26A01CDF001738B9 /* Storyboards.swift */ = {isa = PBXFileReference; fileEncoding = 4; lastKnownFileType = sourcecode.swift; path = Storyboards.swift; sourceTree = "<group>"; };
		A1519CDD26A01CDF001738B9 /* NavigationItems.swift */ = {isa = PBXFileReference; fileEncoding = 4; lastKnownFileType = sourcecode.swift; path = NavigationItems.swift; sourceTree = "<group>"; };
		A1519CDE26A01CDF001738B9 /* Colors.swift */ = {isa = PBXFileReference; fileEncoding = 4; lastKnownFileType = sourcecode.swift; path = Colors.swift; sourceTree = "<group>"; };
		A1519CE426A02ACE001738B9 /* Validation.swift */ = {isa = PBXFileReference; lastKnownFileType = sourcecode.swift; path = Validation.swift; sourceTree = "<group>"; };
		A1519CE626A02C99001738B9 /* UIButton+Extension.swift */ = {isa = PBXFileReference; fileEncoding = 4; lastKnownFileType = sourcecode.swift; path = "UIButton+Extension.swift"; sourceTree = "<group>"; };
		A1519CF126A037EF001738B9 /* SplashVC.swift */ = {isa = PBXFileReference; lastKnownFileType = sourcecode.swift; path = SplashVC.swift; sourceTree = "<group>"; };
		A1519CF326A04488001738B9 /* BoardingVC.swift */ = {isa = PBXFileReference; lastKnownFileType = sourcecode.swift; path = BoardingVC.swift; sourceTree = "<group>"; };
		D5F902DD5766CE85BFF9C21B /* Pods-MyVagonTests.release.xcconfig */ = {isa = PBXFileReference; includeInIndex = 1; lastKnownFileType = text.xcconfig; name = "Pods-MyVagonTests.release.xcconfig"; path = "Target Support Files/Pods-MyVagonTests/Pods-MyVagonTests.release.xcconfig"; sourceTree = "<group>"; };
		F7EA7E1BF0C9147660099744 /* Pods-MyVagon-MyVagonUITests.debug.xcconfig */ = {isa = PBXFileReference; includeInIndex = 1; lastKnownFileType = text.xcconfig; name = "Pods-MyVagon-MyVagonUITests.debug.xcconfig"; path = "Target Support Files/Pods-MyVagon-MyVagonUITests/Pods-MyVagon-MyVagonUITests.debug.xcconfig"; sourceTree = "<group>"; };
/* End PBXFileReference section */

/* Begin PBXFrameworksBuildPhase section */
		A1519C8526A00304001738B9 /* Frameworks */ = {
			isa = PBXFrameworksBuildPhase;
			buildActionMask = 2147483647;
			files = (
				75E4458503A10F4E5C9F3360 /* Pods_MyVagon.framework in Frameworks */,
			);
			runOnlyForDeploymentPostprocessing = 0;
		};
		A1519C9B26A00306001738B9 /* Frameworks */ = {
			isa = PBXFrameworksBuildPhase;
			buildActionMask = 2147483647;
			files = (
				8EB964AA078428719424A87A /* Pods_MyVagonTests.framework in Frameworks */,
			);
			runOnlyForDeploymentPostprocessing = 0;
		};
		A1519CA626A00306001738B9 /* Frameworks */ = {
			isa = PBXFrameworksBuildPhase;
			buildActionMask = 2147483647;
			files = (
				E3B316F4E0E5BF1B11E67927 /* Pods_MyVagon_MyVagonUITests.framework in Frameworks */,
			);
			runOnlyForDeploymentPostprocessing = 0;
		};
/* End PBXFrameworksBuildPhase section */

/* Begin PBXGroup section */
		10AF62B78658971993F9FCD6 /* Pods */ = {
			isa = PBXGroup;
			children = (
				8DDD11883D6B224086DF9213 /* Pods-MyVagon.debug.xcconfig */,
				696FEDA8B5240A2540F74C54 /* Pods-MyVagon.release.xcconfig */,
				F7EA7E1BF0C9147660099744 /* Pods-MyVagon-MyVagonUITests.debug.xcconfig */,
				34AAF423D0FB49E1CE8AA5B9 /* Pods-MyVagon-MyVagonUITests.release.xcconfig */,
				887BA18B49DFAA6FF2B0EE6A /* Pods-MyVagonTests.debug.xcconfig */,
				D5F902DD5766CE85BFF9C21B /* Pods-MyVagonTests.release.xcconfig */,
			);
			path = Pods;
			sourceTree = "<group>";
		};
		1802691626AFCEEC0088B49F /* sign in */ = {
			isa = PBXGroup;
			children = (
				1802691726AFCEEC0088B49F /* ChooseTruckCategoryViewController.swift */,
				1802691826AFCEEC0088B49F /* EnterTruckDetailsVC.swift */,
				1802691926AFCEEC0088B49F /* IdentifyYourselfVC.swift */,
			);
			path = "sign in";
			sourceTree = "<group>";
		};
		1802692826AFD5D70088B49F /* Utilities */ = {
			isa = PBXGroup;
			children = (
				18AC078926B826C00048E0A3 /* MessageBarController.swift */,
				1802692926AFD5D70088B49F /* Constants.swift */,
				1802692A26AFD5D70088B49F /* Utilities.swift */,
				1802692B26AFD5D70088B49F /* Singleton.swift */,
				1802692C26AFD5D70088B49F /* ImagePicker.swift */,
			);
			path = Utilities;
			sourceTree = "<group>";
		};
		180FCEE526B1359A008D28EE /* Localizable */ = {
			isa = PBXGroup;
			children = (
				180FCEEA26B135C3008D28EE /* Localizable.strings */,
			);
			path = Localizable;
			sourceTree = "<group>";
		};
		18129AA926BA554000983AFC /* View Model */ = {
			isa = PBXGroup;
			children = (
				18129AAA26BA565000983AFC /* TruckDetailsViewModel.swift */,
				18129AAE26BA61B300983AFC /* IdentifyYourselfViewModel.swift */,
				18129AC026BAD30000983AFC /* LoginViewModel.swift */,
			);
			path = "View Model";
			sourceTree = "<group>";
		};
		18129AAC26BA616800983AFC /* UploadVideoAndImageCell */ = {
			isa = PBXGroup;
			children = (
				189FB63526B922FA00BBD5A0 /* UploadVideoAndImagesCell.swift */,
				189FB63626B922FA00BBD5A0 /* UploadVideoAndImagesCell.xib */,
			);
			path = UploadVideoAndImageCell;
			sourceTree = "<group>";
		};
		18129AAD26BA617700983AFC /* CollectionPhotosView */ = {
			isa = PBXGroup;
			children = (
				189FB63B26B932B100BBD5A0 /* collectionPhotos.swift */,
				189FB63C26B932B100BBD5A0 /* collectionPhotos.xib */,
			);
			path = CollectionPhotosView;
			sourceTree = "<group>";
		};
		18129AB726BA9B1700983AFC /* TruckTypeListingResModel */ = {
			isa = PBXGroup;
			children = (
				18129AB826BA9B1700983AFC /* TruckTypeDatum.swift */,
				18129AB926BA9B1700983AFC /* TruckTypeListingResModel.swift */,
			);
			path = TruckTypeListingResModel;
			sourceTree = "<group>";
		};
		18129AC426BAD3AB00983AFC /* LoginResModel */ = {
			isa = PBXGroup;
			children = (
				18129AC526BAD3AB00983AFC /* LoginDatum.swift */,
				18129AC626BAD3AB00983AFC /* LoginResModel.swift */,
			);
			path = LoginResModel;
			sourceTree = "<group>";
		};
		184DB31426B273330059B334 /* Home */ = {
			isa = PBXGroup;
			children = (
				189FB63226B90F0D00BBD5A0 /* My Account */,
				184DB31226B271E70059B334 /* HomeViewController.swift */,
				1854BFBB26B414A6005355DD /* SendOTPForForgotVC.swift */,
				1854BFBD26B418A8005355DD /* SetNewPasswordViewController.swift */,
			);
			path = Home;
			sourceTree = "<group>";
		};
		189FB63226B90F0D00BBD5A0 /* My Account */ = {
			isa = PBXGroup;
			children = (
				189FB63026B90F0600BBD5A0 /* MyAccountViewController.swift */,
			);
			path = "My Account";
			sourceTree = "<group>";
		};
		189FB65326B96BEF00BBD5A0 /* Webservices */ = {
			isa = PBXGroup;
			children = (
				189FB65426B96BEF00BBD5A0 /* Service Request */,
				189FB65726B96BEF00BBD5A0 /* Helper */,
			);
			path = Webservices;
			sourceTree = "<group>";
		};
		189FB65426B96BEF00BBD5A0 /* Service Request */ = {
			isa = PBXGroup;
			children = (
				189FB65526B96BEF00BBD5A0 /* URLSessionRequestManager.swift */,
				189FB65626B96BEF00BBD5A0 /* WebServicesSubclass.swift */,
			);
			path = "Service Request";
			sourceTree = "<group>";
		};
		189FB65726B96BEF00BBD5A0 /* Helper */ = {
			isa = PBXGroup;
			children = (
				189FB65826B96BEF00BBD5A0 /* UrlServiceConstant.swift */,
				189FB65926B96BEF00BBD5A0 /* RequestBodyParamService.swift */,
				189FB65A26B96BEF00BBD5A0 /* apiPaths.swift */,
				189FB65B26B96BEF00BBD5A0 /* UploadMediaModel.swift */,
				189FB65C26B96BEF00BBD5A0 /* CodableResponseServiceClass.swift */,
				189FB65D26B96BEF00BBD5A0 /* Webservices+Extension.swift */,
			);
			path = Helper;
			sourceTree = "<group>";
		};
		189FB66A26B96F8C00BBD5A0 /* Model */ = {
			isa = PBXGroup;
			children = (
				189FB66C26B976EC00BBD5A0 /* ResModel */,
				189FB66B26B96F9100BBD5A0 /* ReqModel */,
			);
			path = Model;
			sourceTree = "<group>";
		};
		189FB66B26B96F9100BBD5A0 /* ReqModel */ = {
			isa = PBXGroup;
			children = (
				189FB66826B96F8800BBD5A0 /* RegisterReqModel.swift */,
				189FB67226B9777400BBD5A0 /* ImageUploadReqModel.swift */,
				18129AC226BAD33D00983AFC /* LoginReqModel.swift */,
			);
			path = ReqModel;
			sourceTree = "<group>";
		};
		189FB66C26B976EC00BBD5A0 /* ResModel */ = {
			isa = PBXGroup;
			children = (
				18129AC426BAD3AB00983AFC /* LoginResModel */,
				18129AB726BA9B1700983AFC /* TruckTypeListingResModel */,
				189FB66D26B976F400BBD5A0 /* ImageUploadResModel */,
			);
			path = ResModel;
			sourceTree = "<group>";
		};
		189FB66D26B976F400BBD5A0 /* ImageUploadResModel */ = {
			isa = PBXGroup;
			children = (
				189FB66E26B976F400BBD5A0 /* ImageUploadResModel.swift */,
				189FB66F26B976F400BBD5A0 /* Datum.swift */,
			);
			path = ImageUploadResModel;
			sourceTree = "<group>";
		};
		18BA362E26B7BBAF00F83069 /* Common Web View */ = {
			isa = PBXGroup;
			children = (
				18BA362C26B7B8F400F83069 /* CommonWebviewVC.swift */,
			);
			path = "Common Web View";
			sourceTree = "<group>";
		};
		18BA362F26B7CA4000F83069 /* Register */ = {
			isa = PBXGroup;
			children = (
				189FB63926B9328300BBD5A0 /* GalaryVC.swift */,
				18BA363026B7CA5300F83069 /* RegisterAllInOneViewController.swift */,
			);
			path = Register;
			sourceTree = "<group>";
		};
		3B0D8CFB3BE8E088DC98E052 /* Frameworks */ = {
			isa = PBXGroup;
			children = (
				60D500884A5D50D54092EC18 /* Pods_MyVagon.framework */,
				9AD1FBCFA74EFBE3ACAB3C78 /* Pods_MyVagon_MyVagonUITests.framework */,
				5AF004DB727012A21FB7A169 /* Pods_MyVagonTests.framework */,
			);
			name = Frameworks;
			sourceTree = "<group>";
		};
		84AF91B226AECACF004BB88D /* MainSignupVC */ = {
			isa = PBXGroup;
			children = (
				84AF91B326AECAFE004BB88D /* SignupContainerVC.swift */,
				84AF91B526AEE94F004BB88D /* FreelancerDriverSignupVC3.swift */,
			);
			path = MainSignupVC;
			sourceTree = "<group>";
		};
		84AF91B726AEEEF2004BB88D /* MainSignInVC */ = {
			isa = PBXGroup;
			children = (
				1802694326B023F20088B49F /* TruckDetailVC.swift */,
				84AF91B826AEEF10004BB88D /* SignInContainerVC.swift */,
				84AF91BC26AEF2FA004BB88D /* SignInDriverVC.swift */,
			);
			path = MainSignInVC;
			sourceTree = "<group>";
		};
		A14974A526A1AAC90072AF33 /* Font */ = {
			isa = PBXGroup;
			children = (
				A14974AA26A1AB430072AF33 /* OFL.txt */,
				A14974B626A1AB440072AF33 /* Poppins-Black.ttf */,
				A14974B426A1AB430072AF33 /* Poppins-BlackItalic.ttf */,
				A14974AF26A1AB430072AF33 /* Poppins-Bold.ttf */,
				A14974B326A1AB430072AF33 /* Poppins-BoldItalic.ttf */,
				A14974A626A1AB430072AF33 /* Poppins-ExtraBold.ttf */,
				A14974A826A1AB430072AF33 /* Poppins-ExtraBoldItalic.ttf */,
				A14974B026A1AB430072AF33 /* Poppins-ExtraLight.ttf */,
				A14974AB26A1AB430072AF33 /* Poppins-ExtraLightItalic.ttf */,
				A14974AD26A1AB430072AF33 /* Poppins-Italic.ttf */,
				A14974B526A1AB440072AF33 /* Poppins-Light.ttf */,
				A14974A926A1AB430072AF33 /* Poppins-LightItalic.ttf */,
				A14974A726A1AB430072AF33 /* Poppins-Medium.ttf */,
				A14974AE26A1AB430072AF33 /* Poppins-MediumItalic.ttf */,
				A14974B226A1AB430072AF33 /* Poppins-Regular.ttf */,
				A14974B826A1AB440072AF33 /* Poppins-SemiBold.ttf */,
				A14974AC26A1AB430072AF33 /* Poppins-SemiBoldItalic.ttf */,
				A14974B726A1AB440072AF33 /* Poppins-Thin.ttf */,
				A14974B126A1AB430072AF33 /* Poppins-ThinItalic.ttf */,
			);
			path = Font;
			sourceTree = "<group>";
		};
		A1519C7F26A00304001738B9 = {
			isa = PBXGroup;
			children = (
				A1519C8A26A00304001738B9 /* MyVagon */,
				A1519CA126A00306001738B9 /* MyVagonTests */,
				A1519CAC26A00306001738B9 /* MyVagonUITests */,
				A1519C8926A00304001738B9 /* Products */,
				10AF62B78658971993F9FCD6 /* Pods */,
				3B0D8CFB3BE8E088DC98E052 /* Frameworks */,
			);
			sourceTree = "<group>";
		};
		A1519C8926A00304001738B9 /* Products */ = {
			isa = PBXGroup;
			children = (
				A1519C8826A00304001738B9 /* MyVagon.app */,
				A1519C9E26A00306001738B9 /* MyVagonTests.xctest */,
				A1519CA926A00306001738B9 /* MyVagonUITests.xctest */,
			);
			name = Products;
			sourceTree = "<group>";
		};
		A1519C8A26A00304001738B9 /* MyVagon */ = {
			isa = PBXGroup;
			children = (
				18129AA926BA554000983AFC /* View Model */,
				189FB66A26B96F8C00BBD5A0 /* Model */,
				189FB65326B96BEF00BBD5A0 /* Webservices */,
				189FB63F26B933A500BBD5A0 /* AttechmentService.swift */,
				180FCEE526B1359A008D28EE /* Localizable */,
				1802693726B0180B0088B49F /* CountryCode.json */,
				1802692826AFD5D70088B49F /* Utilities */,
				A14974A526A1AAC90072AF33 /* Font */,
				A1519CD926A01C9D001738B9 /* Enum */,
				A1519C8B26A00304001738B9 /* AppDelegate.swift */,
				1802693126AFD5EE0088B49F /* ApiPaths.swift */,
				1802693326AFD6740088B49F /* AppInfo.swift */,
				A1519CD426A0041F001738B9 /* UI */,
				A1519CD326A00413001738B9 /* ViewController */,
				A1519CBC26A00353001738B9 /* Extension */,
				A1519CBB26A00343001738B9 /* AppTheme */,
				A1519CD526A00740001738B9 /* Images */,
				A1519C9926A00305001738B9 /* Info.plist */,
				189FB66626B96E6A00BBD5A0 /* ConstantEnum.swift */,
			);
			path = MyVagon;
			sourceTree = "<group>";
		};
		A1519CA126A00306001738B9 /* MyVagonTests */ = {
			isa = PBXGroup;
			children = (
				A1519CA226A00306001738B9 /* MyVagonTests.swift */,
				A1519CA426A00306001738B9 /* Info.plist */,
			);
			path = MyVagonTests;
			sourceTree = "<group>";
		};
		A1519CAC26A00306001738B9 /* MyVagonUITests */ = {
			isa = PBXGroup;
			children = (
				A1519CAD26A00306001738B9 /* MyVagonUITests.swift */,
				A1519CAF26A00306001738B9 /* Info.plist */,
			);
			path = MyVagonUITests;
			sourceTree = "<group>";
		};
		A1519CBB26A00343001738B9 /* AppTheme */ = {
			isa = PBXGroup;
			children = (
				A1519CBE26A003AE001738B9 /* AppTheme_FontColor.swift */,
				A1519CBD26A003AE001738B9 /* Themes.swift */,
				A1519CBF26A003AE001738B9 /* ThemeShadow.swift */,
			);
			path = AppTheme;
			sourceTree = "<group>";
		};
		A1519CBC26A00353001738B9 /* Extension */ = {
			isa = PBXGroup;
			children = (
				1802693526AFD7A60088B49F /* UIColor+Extension.swift */,
				A1519CE626A02C99001738B9 /* UIButton+Extension.swift */,
				A1519CC826A00407001738B9 /* Date+Extension.swift */,
				A1519CC926A00407001738B9 /* Extension+CLLocation.swift */,
				A1519CC726A00407001738B9 /* String+Extension.swift */,
				A1519CC626A00407001738B9 /* UIImage+Extension.swift */,
				A1519CCA26A00407001738B9 /* UIImageView+Extension.swift */,
				A1519CC426A00407001738B9 /* UITextField+Extensions.swift */,
				A1519CC526A00407001738B9 /* UIViewController+Extension.swift */,
				A1519CC326A00407001738B9 /* userDefaults+Extension.swift */,
				189FB63326B911A400BBD5A0 /* UINavigationController+Extension.swift */,
				18129ABE26BACC5F00983AFC /* UIDevice+Extension.swift */,
			);
			path = Extension;
			sourceTree = "<group>";
		};
		A1519CD326A00413001738B9 /* ViewController */ = {
			isa = PBXGroup;
			children = (
				18129AAD26BA617700983AFC /* CollectionPhotosView */,
				18129AAC26BA616800983AFC /* UploadVideoAndImageCell */,
				18BA362F26B7CA4000F83069 /* Register */,
				18BA362E26B7BBAF00F83069 /* Common Web View */,
				184DB31426B273330059B334 /* Home */,
				1802691626AFCEEC0088B49F /* sign in */,
				84AF91B726AEEEF2004BB88D /* MainSignInVC */,
				84AF91B226AECACF004BB88D /* MainSignupVC */,
				A1519CEE26A0351B001738B9 /* BaseViewController */,
				A1519C8F26A00304001738B9 /* ViewController.swift */,
				A1519CF126A037EF001738B9 /* SplashVC.swift */,
				A1519CF326A04488001738B9 /* BoardingVC.swift */,
				184DB31726B2C9000059B334 /* EnterOTPViewController.swift */,
			);
			path = ViewController;
			sourceTree = "<group>";
		};
		A1519CD426A0041F001738B9 /* UI */ = {
			isa = PBXGroup;
			children = (
				8455BE8026AE96FB00089B1F /* Auth.storyboard */,
				A1519C9126A00304001738B9 /* Main.storyboard */,
				A1519C9626A00305001738B9 /* LaunchScreen.storyboard */,
				184DB31026B26B540059B334 /* Home.storyboard */,
				184DB31526B2C7E10059B334 /* Popup.storyboard */,
			);
			path = UI;
			sourceTree = "<group>";
		};
		A1519CD526A00740001738B9 /* Images */ = {
			isa = PBXGroup;
			children = (
				A1519C9426A00305001738B9 /* Assets.xcassets */,
			);
			path = Images;
			sourceTree = "<group>";
		};
		A1519CD926A01C9D001738B9 /* Enum */ = {
			isa = PBXGroup;
			children = (
				A1519CDE26A01CDF001738B9 /* Colors.swift */,
				A1519CDB26A01CDF001738B9 /* Fonts.swift */,
				A1519CDD26A01CDF001738B9 /* NavigationItems.swift */,
				A1519CDC26A01CDF001738B9 /* Storyboards.swift */,
				A1519CE426A02ACE001738B9 /* Validation.swift */,
			);
			path = Enum;
			sourceTree = "<group>";
		};
		A1519CEE26A0351B001738B9 /* BaseViewController */ = {
			isa = PBXGroup;
			children = (
				A1519CD626A00B19001738B9 /* BaseViewController.swift */,
			);
			path = BaseViewController;
			sourceTree = "<group>";
		};
/* End PBXGroup section */

/* Begin PBXNativeTarget section */
		A1519C8726A00304001738B9 /* MyVagon */ = {
			isa = PBXNativeTarget;
			buildConfigurationList = A1519CB226A00306001738B9 /* Build configuration list for PBXNativeTarget "MyVagon" */;
			buildPhases = (
				F393C7EB1973BD8876F913FE /* [CP] Check Pods Manifest.lock */,
				A1519C8426A00304001738B9 /* Sources */,
				A1519C8526A00304001738B9 /* Frameworks */,
				A1519C8626A00304001738B9 /* Resources */,
				FFCEFE069C1D41158F78704F /* [CP] Embed Pods Frameworks */,
				50DECE7126BC54447E233581 /* [CP] Copy Pods Resources */,
			);
			buildRules = (
			);
			dependencies = (
			);
			name = MyVagon;
			productName = MyVagon;
			productReference = A1519C8826A00304001738B9 /* MyVagon.app */;
			productType = "com.apple.product-type.application";
		};
		A1519C9D26A00306001738B9 /* MyVagonTests */ = {
			isa = PBXNativeTarget;
			buildConfigurationList = A1519CB526A00306001738B9 /* Build configuration list for PBXNativeTarget "MyVagonTests" */;
			buildPhases = (
				531B4F51018E07D20B38C0C9 /* [CP] Check Pods Manifest.lock */,
				A1519C9A26A00306001738B9 /* Sources */,
				A1519C9B26A00306001738B9 /* Frameworks */,
				A1519C9C26A00306001738B9 /* Resources */,
			);
			buildRules = (
			);
			dependencies = (
				A1519CA026A00306001738B9 /* PBXTargetDependency */,
			);
			name = MyVagonTests;
			productName = MyVagonTests;
			productReference = A1519C9E26A00306001738B9 /* MyVagonTests.xctest */;
			productType = "com.apple.product-type.bundle.unit-test";
		};
		A1519CA826A00306001738B9 /* MyVagonUITests */ = {
			isa = PBXNativeTarget;
			buildConfigurationList = A1519CB826A00306001738B9 /* Build configuration list for PBXNativeTarget "MyVagonUITests" */;
			buildPhases = (
				55AFBF6FFBA971A0B9B35270 /* [CP] Check Pods Manifest.lock */,
				A1519CA526A00306001738B9 /* Sources */,
				A1519CA626A00306001738B9 /* Frameworks */,
				A1519CA726A00306001738B9 /* Resources */,
				252D0E12EBFD683050405555 /* [CP] Embed Pods Frameworks */,
				723D7E67EE7A8190E2ED3581 /* [CP] Copy Pods Resources */,
			);
			buildRules = (
			);
			dependencies = (
				A1519CAB26A00306001738B9 /* PBXTargetDependency */,
			);
			name = MyVagonUITests;
			productName = MyVagonUITests;
			productReference = A1519CA926A00306001738B9 /* MyVagonUITests.xctest */;
			productType = "com.apple.product-type.bundle.ui-testing";
		};
/* End PBXNativeTarget section */

/* Begin PBXProject section */
		A1519C8026A00304001738B9 /* Project object */ = {
			isa = PBXProject;
			attributes = {
				LastSwiftUpdateCheck = 1250;
				LastUpgradeCheck = 1250;
				TargetAttributes = {
					A1519C8726A00304001738B9 = {
						CreatedOnToolsVersion = 12.5;
					};
					A1519C9D26A00306001738B9 = {
						CreatedOnToolsVersion = 12.5;
						TestTargetID = A1519C8726A00304001738B9;
					};
					A1519CA826A00306001738B9 = {
						CreatedOnToolsVersion = 12.5;
						TestTargetID = A1519C8726A00304001738B9;
					};
				};
			};
			buildConfigurationList = A1519C8326A00304001738B9 /* Build configuration list for PBXProject "MyVagon" */;
			compatibilityVersion = "Xcode 9.3";
			developmentRegion = en;
			hasScannedForEncodings = 0;
			knownRegions = (
				en,
				Base,
				el,
			);
			mainGroup = A1519C7F26A00304001738B9;
			productRefGroup = A1519C8926A00304001738B9 /* Products */;
			projectDirPath = "";
			projectRoot = "";
			targets = (
				A1519C8726A00304001738B9 /* MyVagon */,
				A1519C9D26A00306001738B9 /* MyVagonTests */,
				A1519CA826A00306001738B9 /* MyVagonUITests */,
			);
		};
/* End PBXProject section */

/* Begin PBXResourcesBuildPhase section */
		A1519C8626A00304001738B9 /* Resources */ = {
			isa = PBXResourcesBuildPhase;
			buildActionMask = 2147483647;
			files = (
				A14974BB26A1AB440072AF33 /* Poppins-ExtraBoldItalic.ttf in Resources */,
				A14974C126A1AB440072AF33 /* Poppins-MediumItalic.ttf in Resources */,
				A14974B926A1AB440072AF33 /* Poppins-ExtraBold.ttf in Resources */,
				A14974BC26A1AB440072AF33 /* Poppins-LightItalic.ttf in Resources */,
				1802693826B0180B0088B49F /* CountryCode.json in Resources */,
				A14974C926A1AB440072AF33 /* Poppins-Black.ttf in Resources */,
				189FB63826B922FB00BBD5A0 /* UploadVideoAndImagesCell.xib in Resources */,
				A14974BE26A1AB440072AF33 /* Poppins-ExtraLightItalic.ttf in Resources */,
				A1519C9826A00305001738B9 /* LaunchScreen.storyboard in Resources */,
				A14974C326A1AB440072AF33 /* Poppins-ExtraLight.ttf in Resources */,
				A14974C526A1AB440072AF33 /* Poppins-Regular.ttf in Resources */,
				180FCEE826B135C3008D28EE /* Localizable.strings in Resources */,
				A14974BF26A1AB440072AF33 /* Poppins-SemiBoldItalic.ttf in Resources */,
				A14974C626A1AB440072AF33 /* Poppins-BoldItalic.ttf in Resources */,
				A14974C826A1AB440072AF33 /* Poppins-Light.ttf in Resources */,
				A1519C9526A00305001738B9 /* Assets.xcassets in Resources */,
				184DB31126B26B540059B334 /* Home.storyboard in Resources */,
				189FB63E26B932B100BBD5A0 /* collectionPhotos.xib in Resources */,
				A14974CB26A1AB440072AF33 /* Poppins-SemiBold.ttf in Resources */,
				A14974C226A1AB440072AF33 /* Poppins-Bold.ttf in Resources */,
				184DB31626B2C7E10059B334 /* Popup.storyboard in Resources */,
				A14974C026A1AB440072AF33 /* Poppins-Italic.ttf in Resources */,
				A14974CA26A1AB440072AF33 /* Poppins-Thin.ttf in Resources */,
				A1519C9326A00304001738B9 /* Main.storyboard in Resources */,
				A14974C426A1AB440072AF33 /* Poppins-ThinItalic.ttf in Resources */,
				8455BE8126AE96FB00089B1F /* Auth.storyboard in Resources */,
				A14974BD26A1AB440072AF33 /* OFL.txt in Resources */,
				A14974C726A1AB440072AF33 /* Poppins-BlackItalic.ttf in Resources */,
				A14974BA26A1AB440072AF33 /* Poppins-Medium.ttf in Resources */,
			);
			runOnlyForDeploymentPostprocessing = 0;
		};
		A1519C9C26A00306001738B9 /* Resources */ = {
			isa = PBXResourcesBuildPhase;
			buildActionMask = 2147483647;
			files = (
			);
			runOnlyForDeploymentPostprocessing = 0;
		};
		A1519CA726A00306001738B9 /* Resources */ = {
			isa = PBXResourcesBuildPhase;
			buildActionMask = 2147483647;
			files = (
			);
			runOnlyForDeploymentPostprocessing = 0;
		};
/* End PBXResourcesBuildPhase section */

/* Begin PBXShellScriptBuildPhase section */
		252D0E12EBFD683050405555 /* [CP] Embed Pods Frameworks */ = {
			isa = PBXShellScriptBuildPhase;
			buildActionMask = 2147483647;
			files = (
			);
			inputFileListPaths = (
				"${PODS_ROOT}/Target Support Files/Pods-MyVagon-MyVagonUITests/Pods-MyVagon-MyVagonUITests-frameworks-${CONFIGURATION}-input-files.xcfilelist",
			);
			name = "[CP] Embed Pods Frameworks";
			outputFileListPaths = (
				"${PODS_ROOT}/Target Support Files/Pods-MyVagon-MyVagonUITests/Pods-MyVagon-MyVagonUITests-frameworks-${CONFIGURATION}-output-files.xcfilelist",
			);
			runOnlyForDeploymentPostprocessing = 0;
			shellPath = /bin/sh;
			shellScript = "\"${PODS_ROOT}/Target Support Files/Pods-MyVagon-MyVagonUITests/Pods-MyVagon-MyVagonUITests-frameworks.sh\"\n";
			showEnvVarsInLog = 0;
		};
		50DECE7126BC54447E233581 /* [CP] Copy Pods Resources */ = {
			isa = PBXShellScriptBuildPhase;
			buildActionMask = 2147483647;
			files = (
			);
			inputFileListPaths = (
				"${PODS_ROOT}/Target Support Files/Pods-MyVagon/Pods-MyVagon-resources-${CONFIGURATION}-input-files.xcfilelist",
			);
			name = "[CP] Copy Pods Resources";
			outputFileListPaths = (
				"${PODS_ROOT}/Target Support Files/Pods-MyVagon/Pods-MyVagon-resources-${CONFIGURATION}-output-files.xcfilelist",
			);
			runOnlyForDeploymentPostprocessing = 0;
			shellPath = /bin/sh;
			shellScript = "\"${PODS_ROOT}/Target Support Files/Pods-MyVagon/Pods-MyVagon-resources.sh\"\n";
			showEnvVarsInLog = 0;
		};
		531B4F51018E07D20B38C0C9 /* [CP] Check Pods Manifest.lock */ = {
			isa = PBXShellScriptBuildPhase;
			buildActionMask = 2147483647;
			files = (
			);
			inputFileListPaths = (
			);
			inputPaths = (
				"${PODS_PODFILE_DIR_PATH}/Podfile.lock",
				"${PODS_ROOT}/Manifest.lock",
			);
			name = "[CP] Check Pods Manifest.lock";
			outputFileListPaths = (
			);
			outputPaths = (
				"$(DERIVED_FILE_DIR)/Pods-MyVagonTests-checkManifestLockResult.txt",
			);
			runOnlyForDeploymentPostprocessing = 0;
			shellPath = /bin/sh;
			shellScript = "diff \"${PODS_PODFILE_DIR_PATH}/Podfile.lock\" \"${PODS_ROOT}/Manifest.lock\" > /dev/null\nif [ $? != 0 ] ; then\n    # print error to STDERR\n    echo \"error: The sandbox is not in sync with the Podfile.lock. Run 'pod install' or update your CocoaPods installation.\" >&2\n    exit 1\nfi\n# This output is used by Xcode 'outputs' to avoid re-running this script phase.\necho \"SUCCESS\" > \"${SCRIPT_OUTPUT_FILE_0}\"\n";
			showEnvVarsInLog = 0;
		};
		55AFBF6FFBA971A0B9B35270 /* [CP] Check Pods Manifest.lock */ = {
			isa = PBXShellScriptBuildPhase;
			buildActionMask = 2147483647;
			files = (
			);
			inputFileListPaths = (
			);
			inputPaths = (
				"${PODS_PODFILE_DIR_PATH}/Podfile.lock",
				"${PODS_ROOT}/Manifest.lock",
			);
			name = "[CP] Check Pods Manifest.lock";
			outputFileListPaths = (
			);
			outputPaths = (
				"$(DERIVED_FILE_DIR)/Pods-MyVagon-MyVagonUITests-checkManifestLockResult.txt",
			);
			runOnlyForDeploymentPostprocessing = 0;
			shellPath = /bin/sh;
			shellScript = "diff \"${PODS_PODFILE_DIR_PATH}/Podfile.lock\" \"${PODS_ROOT}/Manifest.lock\" > /dev/null\nif [ $? != 0 ] ; then\n    # print error to STDERR\n    echo \"error: The sandbox is not in sync with the Podfile.lock. Run 'pod install' or update your CocoaPods installation.\" >&2\n    exit 1\nfi\n# This output is used by Xcode 'outputs' to avoid re-running this script phase.\necho \"SUCCESS\" > \"${SCRIPT_OUTPUT_FILE_0}\"\n";
			showEnvVarsInLog = 0;
		};
		723D7E67EE7A8190E2ED3581 /* [CP] Copy Pods Resources */ = {
			isa = PBXShellScriptBuildPhase;
			buildActionMask = 2147483647;
			files = (
			);
			inputFileListPaths = (
				"${PODS_ROOT}/Target Support Files/Pods-MyVagon-MyVagonUITests/Pods-MyVagon-MyVagonUITests-resources-${CONFIGURATION}-input-files.xcfilelist",
			);
			name = "[CP] Copy Pods Resources";
			outputFileListPaths = (
				"${PODS_ROOT}/Target Support Files/Pods-MyVagon-MyVagonUITests/Pods-MyVagon-MyVagonUITests-resources-${CONFIGURATION}-output-files.xcfilelist",
			);
			runOnlyForDeploymentPostprocessing = 0;
			shellPath = /bin/sh;
			shellScript = "\"${PODS_ROOT}/Target Support Files/Pods-MyVagon-MyVagonUITests/Pods-MyVagon-MyVagonUITests-resources.sh\"\n";
			showEnvVarsInLog = 0;
		};
		F393C7EB1973BD8876F913FE /* [CP] Check Pods Manifest.lock */ = {
			isa = PBXShellScriptBuildPhase;
			buildActionMask = 2147483647;
			files = (
			);
			inputFileListPaths = (
			);
			inputPaths = (
				"${PODS_PODFILE_DIR_PATH}/Podfile.lock",
				"${PODS_ROOT}/Manifest.lock",
			);
			name = "[CP] Check Pods Manifest.lock";
			outputFileListPaths = (
			);
			outputPaths = (
				"$(DERIVED_FILE_DIR)/Pods-MyVagon-checkManifestLockResult.txt",
			);
			runOnlyForDeploymentPostprocessing = 0;
			shellPath = /bin/sh;
			shellScript = "diff \"${PODS_PODFILE_DIR_PATH}/Podfile.lock\" \"${PODS_ROOT}/Manifest.lock\" > /dev/null\nif [ $? != 0 ] ; then\n    # print error to STDERR\n    echo \"error: The sandbox is not in sync with the Podfile.lock. Run 'pod install' or update your CocoaPods installation.\" >&2\n    exit 1\nfi\n# This output is used by Xcode 'outputs' to avoid re-running this script phase.\necho \"SUCCESS\" > \"${SCRIPT_OUTPUT_FILE_0}\"\n";
			showEnvVarsInLog = 0;
		};
		FFCEFE069C1D41158F78704F /* [CP] Embed Pods Frameworks */ = {
			isa = PBXShellScriptBuildPhase;
			buildActionMask = 2147483647;
			files = (
			);
			inputFileListPaths = (
				"${PODS_ROOT}/Target Support Files/Pods-MyVagon/Pods-MyVagon-frameworks-${CONFIGURATION}-input-files.xcfilelist",
			);
			name = "[CP] Embed Pods Frameworks";
			outputFileListPaths = (
				"${PODS_ROOT}/Target Support Files/Pods-MyVagon/Pods-MyVagon-frameworks-${CONFIGURATION}-output-files.xcfilelist",
			);
			runOnlyForDeploymentPostprocessing = 0;
			shellPath = /bin/sh;
			shellScript = "\"${PODS_ROOT}/Target Support Files/Pods-MyVagon/Pods-MyVagon-frameworks.sh\"\n";
			showEnvVarsInLog = 0;
		};
/* End PBXShellScriptBuildPhase section */

/* Begin PBXSourcesBuildPhase section */
		A1519C8426A00304001738B9 /* Sources */ = {
			isa = PBXSourcesBuildPhase;
			buildActionMask = 2147483647;
			files = (
				18129AC826BAD3AB00983AFC /* LoginResModel.swift in Sources */,
				A14974CC26A1AB800072AF33 /* OFL.txt in Sources */,
				A14974CD26A1AB800072AF33 /* Poppins-Black.ttf in Sources */,
				189FB63D26B932B100BBD5A0 /* collectionPhotos.swift in Sources */,
				18129ABB26BA9B1700983AFC /* TruckTypeListingResModel.swift in Sources */,
				18129ABF26BACC5F00983AFC /* UIDevice+Extension.swift in Sources */,
				184DB31326B271E70059B334 /* HomeViewController.swift in Sources */,
				A14974CE26A1AB800072AF33 /* Poppins-BlackItalic.ttf in Sources */,
				A14974CF26A1AB800072AF33 /* Poppins-Bold.ttf in Sources */,
				A14974D026A1AB800072AF33 /* Poppins-BoldItalic.ttf in Sources */,
				189FB67026B976F400BBD5A0 /* ImageUploadResModel.swift in Sources */,
				189FB67126B976F400BBD5A0 /* Datum.swift in Sources */,
				1802692F26AFD5D70088B49F /* Singleton.swift in Sources */,
				A14974D126A1AB800072AF33 /* Poppins-ExtraBold.ttf in Sources */,
				1802693626AFD7A70088B49F /* UIColor+Extension.swift in Sources */,
				1802691A26AFCEEC0088B49F /* ChooseTruckCategoryViewController.swift in Sources */,
				189FB65F26B96BF000BBD5A0 /* WebServicesSubclass.swift in Sources */,
				189FB63126B90F0600BBD5A0 /* MyAccountViewController.swift in Sources */,
				1802691C26AFCEEC0088B49F /* IdentifyYourselfVC.swift in Sources */,
				A14974D226A1AB800072AF33 /* Poppins-ExtraBoldItalic.ttf in Sources */,
				A14974D326A1AB800072AF33 /* Poppins-ExtraLight.ttf in Sources */,
				189FB63726B922FB00BBD5A0 /* UploadVideoAndImagesCell.swift in Sources */,
				A14974D426A1AB800072AF33 /* Poppins-ExtraLightItalic.ttf in Sources */,
				A14974D526A1AB800072AF33 /* Poppins-Italic.ttf in Sources */,
				18BA363126B7CA5300F83069 /* RegisterAllInOneViewController.swift in Sources */,
				A14974D626A1AB800072AF33 /* Poppins-Light.ttf in Sources */,
				18129AAF26BA61B300983AFC /* IdentifyYourselfViewModel.swift in Sources */,
				A14974D726A1AB800072AF33 /* Poppins-LightItalic.ttf in Sources */,
				A14974D826A1AB800072AF33 /* Poppins-Medium.ttf in Sources */,
				A14974D926A1AB800072AF33 /* Poppins-MediumItalic.ttf in Sources */,
				A14974DA26A1AB800072AF33 /* Poppins-Regular.ttf in Sources */,
				189FB66026B96BF000BBD5A0 /* UrlServiceConstant.swift in Sources */,
				18129AC326BAD33D00983AFC /* LoginReqModel.swift in Sources */,
				A14974DB26A1AB800072AF33 /* Poppins-SemiBold.ttf in Sources */,
				A14974DC26A1AB800072AF33 /* Poppins-SemiBoldItalic.ttf in Sources */,
				A14974DD26A1AB800072AF33 /* Poppins-Thin.ttf in Sources */,
				189FB67326B9777400BBD5A0 /* ImageUploadReqModel.swift in Sources */,
				84AF91B926AEEF10004BB88D /* SignInContainerVC.swift in Sources */,
				84AF91BD26AEF2FA004BB88D /* SignInDriverVC.swift in Sources */,
				A14974DE26A1AB800072AF33 /* Poppins-ThinItalic.ttf in Sources */,
				A1519CCD26A00407001738B9 /* UIViewController+Extension.swift in Sources */,
				1802692D26AFD5D70088B49F /* Constants.swift in Sources */,
				1802694426B023F20088B49F /* TruckDetailVC.swift in Sources */,
				18AC078A26B826C00048E0A3 /* MessageBarController.swift in Sources */,
				1854BFBE26B418A8005355DD /* SetNewPasswordViewController.swift in Sources */,
				189FB66326B96BF000BBD5A0 /* UploadMediaModel.swift in Sources */,
				A1519CE326A01CDF001738B9 /* Colors.swift in Sources */,
				189FB63A26B9328300BBD5A0 /* GalaryVC.swift in Sources */,
				18129AC726BAD3AB00983AFC /* LoginDatum.swift in Sources */,
				189FB66426B96BF000BBD5A0 /* CodableResponseServiceClass.swift in Sources */,
				1802692E26AFD5D70088B49F /* Utilities.swift in Sources */,
				1802693226AFD5EE0088B49F /* ApiPaths.swift in Sources */,
				A1519CCF26A00407001738B9 /* String+Extension.swift in Sources */,
				18129ABA26BA9B1700983AFC /* TruckTypeDatum.swift in Sources */,
				1802691B26AFCEEC0088B49F /* EnterTruckDetailsVC.swift in Sources */,
				A1519CD226A00407001738B9 /* UIImageView+Extension.swift in Sources */,
				A1519C9026A00304001738B9 /* ViewController.swift in Sources */,
				189FB66926B96F8800BBD5A0 /* RegisterReqModel.swift in Sources */,
				A1519CF426A04488001738B9 /* BoardingVC.swift in Sources */,
				189FB65E26B96BF000BBD5A0 /* URLSessionRequestManager.swift in Sources */,
				184DB31826B2C9000059B334 /* EnterOTPViewController.swift in Sources */,
				A1519CF226A037EF001738B9 /* SplashVC.swift in Sources */,
				1802693426AFD6740088B49F /* AppInfo.swift in Sources */,
				A1519CD126A00407001738B9 /* Extension+CLLocation.swift in Sources */,
				84AF91B426AECAFE004BB88D /* SignupContainerVC.swift in Sources */,
				A1519CE126A01CDF001738B9 /* Storyboards.swift in Sources */,
				189FB66526B96BF000BBD5A0 /* Webservices+Extension.swift in Sources */,
				189FB66726B96E6A00BBD5A0 /* ConstantEnum.swift in Sources */,
				A1519CD726A00B19001738B9 /* BaseViewController.swift in Sources */,
				A1519CE026A01CDF001738B9 /* Fonts.swift in Sources */,
				A1519CCC26A00407001738B9 /* UITextField+Extensions.swift in Sources */,
				18129AC126BAD30000983AFC /* LoginViewModel.swift in Sources */,
				A1519CC026A003AE001738B9 /* Themes.swift in Sources */,
				18129AAB26BA565000983AFC /* TruckDetailsViewModel.swift in Sources */,
				189FB66226B96BF000BBD5A0 /* apiPaths.swift in Sources */,
				189FB66126B96BF000BBD5A0 /* RequestBodyParamService.swift in Sources */,
				A1519CD026A00407001738B9 /* Date+Extension.swift in Sources */,
				1854BFBC26B414A6005355DD /* SendOTPForForgotVC.swift in Sources */,
				A1519C8C26A00304001738B9 /* AppDelegate.swift in Sources */,
				A1519CCB26A00407001738B9 /* userDefaults+Extension.swift in Sources */,
				A1519CE226A01CDF001738B9 /* NavigationItems.swift in Sources */,
				A1519CC226A003AE001738B9 /* ThemeShadow.swift in Sources */,
				189FB63426B911A400BBD5A0 /* UINavigationController+Extension.swift in Sources */,
				189FB64026B933A500BBD5A0 /* AttechmentService.swift in Sources */,
				A1519CCE26A00407001738B9 /* UIImage+Extension.swift in Sources */,
				18BA362D26B7B8F400F83069 /* CommonWebviewVC.swift in Sources */,
				A1519CC126A003AE001738B9 /* AppTheme_FontColor.swift in Sources */,
				A1519CE526A02ACE001738B9 /* Validation.swift in Sources */,
				A1519CE726A02C99001738B9 /* UIButton+Extension.swift in Sources */,
				1802693026AFD5D70088B49F /* ImagePicker.swift in Sources */,
				84AF91B626AEE94F004BB88D /* FreelancerDriverSignupVC3.swift in Sources */,
			);
			runOnlyForDeploymentPostprocessing = 0;
		};
		A1519C9A26A00306001738B9 /* Sources */ = {
			isa = PBXSourcesBuildPhase;
			buildActionMask = 2147483647;
			files = (
				A1519CA326A00306001738B9 /* MyVagonTests.swift in Sources */,
			);
			runOnlyForDeploymentPostprocessing = 0;
		};
		A1519CA526A00306001738B9 /* Sources */ = {
			isa = PBXSourcesBuildPhase;
			buildActionMask = 2147483647;
			files = (
				A1519CAE26A00306001738B9 /* MyVagonUITests.swift in Sources */,
			);
			runOnlyForDeploymentPostprocessing = 0;
		};
/* End PBXSourcesBuildPhase section */

/* Begin PBXTargetDependency section */
		A1519CA026A00306001738B9 /* PBXTargetDependency */ = {
			isa = PBXTargetDependency;
			target = A1519C8726A00304001738B9 /* MyVagon */;
			targetProxy = A1519C9F26A00306001738B9 /* PBXContainerItemProxy */;
		};
		A1519CAB26A00306001738B9 /* PBXTargetDependency */ = {
			isa = PBXTargetDependency;
			target = A1519C8726A00304001738B9 /* MyVagon */;
			targetProxy = A1519CAA26A00306001738B9 /* PBXContainerItemProxy */;
		};
/* End PBXTargetDependency section */

/* Begin PBXVariantGroup section */
		180FCEEA26B135C3008D28EE /* Localizable.strings */ = {
			isa = PBXVariantGroup;
			children = (
				180FCEE926B135C3008D28EE /* en */,
				180FCEF026B13626008D28EE /* el */,
			);
			name = Localizable.strings;
			sourceTree = "<group>";
		};
		A1519C9126A00304001738B9 /* Main.storyboard */ = {
			isa = PBXVariantGroup;
			children = (
				A1519C9226A00304001738B9 /* Base */,
				180FCEE326B13523008D28EE /* el */,
			);
			name = Main.storyboard;
			sourceTree = "<group>";
		};
		A1519C9626A00305001738B9 /* LaunchScreen.storyboard */ = {
			isa = PBXVariantGroup;
			children = (
				A1519C9726A00305001738B9 /* Base */,
				180FCEE426B13523008D28EE /* el */,
			);
			name = LaunchScreen.storyboard;
			sourceTree = "<group>";
		};
/* End PBXVariantGroup section */

/* Begin XCBuildConfiguration section */
		A1519CB026A00306001738B9 /* Debug */ = {
			isa = XCBuildConfiguration;
			buildSettings = {
				ALWAYS_SEARCH_USER_PATHS = NO;
				CLANG_ANALYZER_LOCALIZABILITY_NONLOCALIZED = YES;
				CLANG_ANALYZER_NONNULL = YES;
				CLANG_ANALYZER_NUMBER_OBJECT_CONVERSION = YES_AGGRESSIVE;
				CLANG_CXX_LANGUAGE_STANDARD = "gnu++14";
				CLANG_CXX_LIBRARY = "libc++";
				CLANG_ENABLE_MODULES = YES;
				CLANG_ENABLE_OBJC_ARC = YES;
				CLANG_ENABLE_OBJC_WEAK = YES;
				CLANG_WARN_BLOCK_CAPTURE_AUTORELEASING = YES;
				CLANG_WARN_BOOL_CONVERSION = YES;
				CLANG_WARN_COMMA = YES;
				CLANG_WARN_CONSTANT_CONVERSION = YES;
				CLANG_WARN_DEPRECATED_OBJC_IMPLEMENTATIONS = YES;
				CLANG_WARN_DIRECT_OBJC_ISA_USAGE = YES_ERROR;
				CLANG_WARN_DOCUMENTATION_COMMENTS = YES;
				CLANG_WARN_EMPTY_BODY = YES;
				CLANG_WARN_ENUM_CONVERSION = YES;
				CLANG_WARN_INFINITE_RECURSION = YES;
				CLANG_WARN_INT_CONVERSION = YES;
				CLANG_WARN_NON_LITERAL_NULL_CONVERSION = YES;
				CLANG_WARN_OBJC_IMPLICIT_RETAIN_SELF = YES;
				CLANG_WARN_OBJC_LITERAL_CONVERSION = YES;
				CLANG_WARN_OBJC_ROOT_CLASS = YES_ERROR;
				CLANG_WARN_QUOTED_INCLUDE_IN_FRAMEWORK_HEADER = YES;
				CLANG_WARN_RANGE_LOOP_ANALYSIS = YES;
				CLANG_WARN_STRICT_PROTOTYPES = YES;
				CLANG_WARN_SUSPICIOUS_MOVE = YES;
				CLANG_WARN_UNGUARDED_AVAILABILITY = YES_AGGRESSIVE;
				CLANG_WARN_UNREACHABLE_CODE = YES;
				CLANG_WARN__DUPLICATE_METHOD_MATCH = YES;
				COPY_PHASE_STRIP = NO;
				DEBUG_INFORMATION_FORMAT = dwarf;
				ENABLE_STRICT_OBJC_MSGSEND = YES;
				ENABLE_TESTABILITY = YES;
				GCC_C_LANGUAGE_STANDARD = gnu11;
				GCC_DYNAMIC_NO_PIC = NO;
				GCC_NO_COMMON_BLOCKS = YES;
				GCC_OPTIMIZATION_LEVEL = 0;
				GCC_PREPROCESSOR_DEFINITIONS = (
					"DEBUG=1",
					"$(inherited)",
				);
				GCC_WARN_64_TO_32_BIT_CONVERSION = YES;
				GCC_WARN_ABOUT_RETURN_TYPE = YES_ERROR;
				GCC_WARN_UNDECLARED_SELECTOR = YES;
				GCC_WARN_UNINITIALIZED_AUTOS = YES_AGGRESSIVE;
				GCC_WARN_UNUSED_FUNCTION = YES;
				GCC_WARN_UNUSED_VARIABLE = YES;
				IPHONEOS_DEPLOYMENT_TARGET = 14.5;
				MTL_ENABLE_DEBUG_INFO = INCLUDE_SOURCE;
				MTL_FAST_MATH = YES;
				ONLY_ACTIVE_ARCH = YES;
				SDKROOT = iphoneos;
				SWIFT_ACTIVE_COMPILATION_CONDITIONS = DEBUG;
				SWIFT_OPTIMIZATION_LEVEL = "-Onone";
			};
			name = Debug;
		};
		A1519CB126A00306001738B9 /* Release */ = {
			isa = XCBuildConfiguration;
			buildSettings = {
				ALWAYS_SEARCH_USER_PATHS = NO;
				CLANG_ANALYZER_LOCALIZABILITY_NONLOCALIZED = YES;
				CLANG_ANALYZER_NONNULL = YES;
				CLANG_ANALYZER_NUMBER_OBJECT_CONVERSION = YES_AGGRESSIVE;
				CLANG_CXX_LANGUAGE_STANDARD = "gnu++14";
				CLANG_CXX_LIBRARY = "libc++";
				CLANG_ENABLE_MODULES = YES;
				CLANG_ENABLE_OBJC_ARC = YES;
				CLANG_ENABLE_OBJC_WEAK = YES;
				CLANG_WARN_BLOCK_CAPTURE_AUTORELEASING = YES;
				CLANG_WARN_BOOL_CONVERSION = YES;
				CLANG_WARN_COMMA = YES;
				CLANG_WARN_CONSTANT_CONVERSION = YES;
				CLANG_WARN_DEPRECATED_OBJC_IMPLEMENTATIONS = YES;
				CLANG_WARN_DIRECT_OBJC_ISA_USAGE = YES_ERROR;
				CLANG_WARN_DOCUMENTATION_COMMENTS = YES;
				CLANG_WARN_EMPTY_BODY = YES;
				CLANG_WARN_ENUM_CONVERSION = YES;
				CLANG_WARN_INFINITE_RECURSION = YES;
				CLANG_WARN_INT_CONVERSION = YES;
				CLANG_WARN_NON_LITERAL_NULL_CONVERSION = YES;
				CLANG_WARN_OBJC_IMPLICIT_RETAIN_SELF = YES;
				CLANG_WARN_OBJC_LITERAL_CONVERSION = YES;
				CLANG_WARN_OBJC_ROOT_CLASS = YES_ERROR;
				CLANG_WARN_QUOTED_INCLUDE_IN_FRAMEWORK_HEADER = YES;
				CLANG_WARN_RANGE_LOOP_ANALYSIS = YES;
				CLANG_WARN_STRICT_PROTOTYPES = YES;
				CLANG_WARN_SUSPICIOUS_MOVE = YES;
				CLANG_WARN_UNGUARDED_AVAILABILITY = YES_AGGRESSIVE;
				CLANG_WARN_UNREACHABLE_CODE = YES;
				CLANG_WARN__DUPLICATE_METHOD_MATCH = YES;
				COPY_PHASE_STRIP = NO;
				DEBUG_INFORMATION_FORMAT = "dwarf-with-dsym";
				ENABLE_NS_ASSERTIONS = NO;
				ENABLE_STRICT_OBJC_MSGSEND = YES;
				GCC_C_LANGUAGE_STANDARD = gnu11;
				GCC_NO_COMMON_BLOCKS = YES;
				GCC_WARN_64_TO_32_BIT_CONVERSION = YES;
				GCC_WARN_ABOUT_RETURN_TYPE = YES_ERROR;
				GCC_WARN_UNDECLARED_SELECTOR = YES;
				GCC_WARN_UNINITIALIZED_AUTOS = YES_AGGRESSIVE;
				GCC_WARN_UNUSED_FUNCTION = YES;
				GCC_WARN_UNUSED_VARIABLE = YES;
				IPHONEOS_DEPLOYMENT_TARGET = 14.5;
				MTL_ENABLE_DEBUG_INFO = NO;
				MTL_FAST_MATH = YES;
				SDKROOT = iphoneos;
				SWIFT_COMPILATION_MODE = wholemodule;
				SWIFT_OPTIMIZATION_LEVEL = "-O";
				VALIDATE_PRODUCT = YES;
			};
			name = Release;
		};
		A1519CB326A00306001738B9 /* Debug */ = {
			isa = XCBuildConfiguration;
			baseConfigurationReference = 8DDD11883D6B224086DF9213 /* Pods-MyVagon.debug.xcconfig */;
			buildSettings = {
				ASSETCATALOG_COMPILER_APPICON_NAME = AppIcon;
				ASSETCATALOG_COMPILER_GLOBAL_ACCENT_COLOR_NAME = AccentColor;
				CODE_SIGN_STYLE = Automatic;
				CURRENT_PROJECT_VERSION = 1.0.0;
				DEVELOPMENT_TEAM = LNR2265795;
				INFOPLIST_FILE = MyVagon/Info.plist;
				IPHONEOS_DEPLOYMENT_TARGET = 12.3;
				LD_RUNPATH_SEARCH_PATHS = (
					"$(inherited)",
					"@executable_path/Frameworks",
				);
				MARKETING_VERSION = 1.0.0;
				PRODUCT_BUNDLE_IDENTIFIER = excellentwebworld.MyVagon;
				PRODUCT_NAME = "$(TARGET_NAME)";
				SWIFT_VERSION = 5.0;
				TARGETED_DEVICE_FAMILY = "1,2";
			};
			name = Debug;
		};
		A1519CB426A00306001738B9 /* Release */ = {
			isa = XCBuildConfiguration;
			baseConfigurationReference = 696FEDA8B5240A2540F74C54 /* Pods-MyVagon.release.xcconfig */;
			buildSettings = {
				ASSETCATALOG_COMPILER_APPICON_NAME = AppIcon;
				ASSETCATALOG_COMPILER_GLOBAL_ACCENT_COLOR_NAME = AccentColor;
				CODE_SIGN_STYLE = Automatic;
				CURRENT_PROJECT_VERSION = 1.0.0;
				DEVELOPMENT_TEAM = LNR2265795;
				INFOPLIST_FILE = MyVagon/Info.plist;
				IPHONEOS_DEPLOYMENT_TARGET = 12.3;
				LD_RUNPATH_SEARCH_PATHS = (
					"$(inherited)",
					"@executable_path/Frameworks",
				);
				MARKETING_VERSION = 1.0.0;
				PRODUCT_BUNDLE_IDENTIFIER = excellentwebworld.MyVagon;
				PRODUCT_NAME = "$(TARGET_NAME)";
				SWIFT_VERSION = 5.0;
				TARGETED_DEVICE_FAMILY = "1,2";
			};
			name = Release;
		};
		A1519CB626A00306001738B9 /* Debug */ = {
			isa = XCBuildConfiguration;
			baseConfigurationReference = 887BA18B49DFAA6FF2B0EE6A /* Pods-MyVagonTests.debug.xcconfig */;
			buildSettings = {
				ALWAYS_EMBED_SWIFT_STANDARD_LIBRARIES = YES;
				BUNDLE_LOADER = "$(TEST_HOST)";
				CODE_SIGN_STYLE = Automatic;
				INFOPLIST_FILE = MyVagonTests/Info.plist;
				IPHONEOS_DEPLOYMENT_TARGET = 14.5;
				LD_RUNPATH_SEARCH_PATHS = (
					"$(inherited)",
					"@executable_path/Frameworks",
					"@loader_path/Frameworks",
				);
				PRODUCT_BUNDLE_IDENTIFIER = excellentwebworld.MyVagonTests;
				PRODUCT_NAME = "$(TARGET_NAME)";
				SWIFT_VERSION = 5.0;
				TARGETED_DEVICE_FAMILY = "1,2";
				TEST_HOST = "$(BUILT_PRODUCTS_DIR)/MyVagon.app/MyVagon";
			};
			name = Debug;
		};
		A1519CB726A00306001738B9 /* Release */ = {
			isa = XCBuildConfiguration;
			baseConfigurationReference = D5F902DD5766CE85BFF9C21B /* Pods-MyVagonTests.release.xcconfig */;
			buildSettings = {
				ALWAYS_EMBED_SWIFT_STANDARD_LIBRARIES = YES;
				BUNDLE_LOADER = "$(TEST_HOST)";
				CODE_SIGN_STYLE = Automatic;
				INFOPLIST_FILE = MyVagonTests/Info.plist;
				IPHONEOS_DEPLOYMENT_TARGET = 14.5;
				LD_RUNPATH_SEARCH_PATHS = (
					"$(inherited)",
					"@executable_path/Frameworks",
					"@loader_path/Frameworks",
				);
				PRODUCT_BUNDLE_IDENTIFIER = excellentwebworld.MyVagonTests;
				PRODUCT_NAME = "$(TARGET_NAME)";
				SWIFT_VERSION = 5.0;
				TARGETED_DEVICE_FAMILY = "1,2";
				TEST_HOST = "$(BUILT_PRODUCTS_DIR)/MyVagon.app/MyVagon";
			};
			name = Release;
		};
		A1519CB926A00306001738B9 /* Debug */ = {
			isa = XCBuildConfiguration;
			baseConfigurationReference = F7EA7E1BF0C9147660099744 /* Pods-MyVagon-MyVagonUITests.debug.xcconfig */;
			buildSettings = {
				ALWAYS_EMBED_SWIFT_STANDARD_LIBRARIES = YES;
				CODE_SIGN_STYLE = Automatic;
				INFOPLIST_FILE = MyVagonUITests/Info.plist;
				LD_RUNPATH_SEARCH_PATHS = (
					"$(inherited)",
					"@executable_path/Frameworks",
					"@loader_path/Frameworks",
				);
				PRODUCT_BUNDLE_IDENTIFIER = excellentwebworld.MyVagonUITests;
				PRODUCT_NAME = "$(TARGET_NAME)";
				SWIFT_VERSION = 5.0;
				TARGETED_DEVICE_FAMILY = "1,2";
				TEST_TARGET_NAME = MyVagon;
			};
			name = Debug;
		};
		A1519CBA26A00306001738B9 /* Release */ = {
			isa = XCBuildConfiguration;
			baseConfigurationReference = 34AAF423D0FB49E1CE8AA5B9 /* Pods-MyVagon-MyVagonUITests.release.xcconfig */;
			buildSettings = {
				ALWAYS_EMBED_SWIFT_STANDARD_LIBRARIES = YES;
				CODE_SIGN_STYLE = Automatic;
				INFOPLIST_FILE = MyVagonUITests/Info.plist;
				LD_RUNPATH_SEARCH_PATHS = (
					"$(inherited)",
					"@executable_path/Frameworks",
					"@loader_path/Frameworks",
				);
				PRODUCT_BUNDLE_IDENTIFIER = excellentwebworld.MyVagonUITests;
				PRODUCT_NAME = "$(TARGET_NAME)";
				SWIFT_VERSION = 5.0;
				TARGETED_DEVICE_FAMILY = "1,2";
				TEST_TARGET_NAME = MyVagon;
			};
			name = Release;
		};
/* End XCBuildConfiguration section */

/* Begin XCConfigurationList section */
		A1519C8326A00304001738B9 /* Build configuration list for PBXProject "MyVagon" */ = {
			isa = XCConfigurationList;
			buildConfigurations = (
				A1519CB026A00306001738B9 /* Debug */,
				A1519CB126A00306001738B9 /* Release */,
			);
			defaultConfigurationIsVisible = 0;
			defaultConfigurationName = Release;
		};
		A1519CB226A00306001738B9 /* Build configuration list for PBXNativeTarget "MyVagon" */ = {
			isa = XCConfigurationList;
			buildConfigurations = (
				A1519CB326A00306001738B9 /* Debug */,
				A1519CB426A00306001738B9 /* Release */,
			);
			defaultConfigurationIsVisible = 0;
			defaultConfigurationName = Release;
		};
		A1519CB526A00306001738B9 /* Build configuration list for PBXNativeTarget "MyVagonTests" */ = {
			isa = XCConfigurationList;
			buildConfigurations = (
				A1519CB626A00306001738B9 /* Debug */,
				A1519CB726A00306001738B9 /* Release */,
			);
			defaultConfigurationIsVisible = 0;
			defaultConfigurationName = Release;
		};
		A1519CB826A00306001738B9 /* Build configuration list for PBXNativeTarget "MyVagonUITests" */ = {
			isa = XCConfigurationList;
			buildConfigurations = (
				A1519CB926A00306001738B9 /* Debug */,
				A1519CBA26A00306001738B9 /* Release */,
			);
			defaultConfigurationIsVisible = 0;
			defaultConfigurationName = Release;
		};
/* End XCConfigurationList section */
	};
	rootObject = A1519C8026A00304001738B9 /* Project object */;
}
